// !$*UTF8*$!
{
	archiveVersion = 1;
	classes = {
	};
	objectVersion = 51;
	objects = {

/* Begin PBXBuildFile section */
		201094345947E3C0EB6BD6A3 /* Pods_9th_muyaho_iOS_9th_muyaho_iOSUITests.framework in Frameworks */ = {isa = PBXBuildFile; fileRef = 142F235D39B5272294793A7A /* Pods_9th_muyaho_iOS_9th_muyaho_iOSUITests.framework */; };
		6E40DDFC263448060003E4AD /* UIImageExtensions.swift in Sources */ = {isa = PBXBuildFile; fileRef = 6E40DDFB263448060003E4AD /* UIImageExtensions.swift */; };
		6E4FE4A22638625B00103948 /* SignInViewController.swift in Sources */ = {isa = PBXBuildFile; fileRef = 6E4FE4A12638625B00103948 /* SignInViewController.swift */; };
		6E4FE4A42638655B00103948 /* SignInReactor.swift in Sources */ = {isa = PBXBuildFile; fileRef = 6E4FE4A32638655B00103948 /* SignInReactor.swift */; };
		6E6E6DF72639AFF70061AB4A /* KakaoSignInManager.swift in Sources */ = {isa = PBXBuildFile; fileRef = 6E6E6DF62639AFF70061AB4A /* KakaoSignInManager.swift */; };
		6E6E6DF92639B1320061AB4A /* AppleSignInManager.swift in Sources */ = {isa = PBXBuildFile; fileRef = 6E6E6DF82639B1320061AB4A /* AppleSignInManager.swift */; };
		6E7ED81F26385FD400DC0C10 /* SignInView.swift in Sources */ = {isa = PBXBuildFile; fileRef = 6E7ED81E26385FD400DC0C10 /* SignInView.swift */; };
		6E801CC4262C1C2E0081E68A /* HomeViewController.swift in Sources */ = {isa = PBXBuildFile; fileRef = 6E801CC3262C1C2E0081E68A /* HomeViewController.swift */; };
		6E801CC9262C1C6E0081E68A /* HomeView.swift in Sources */ = {isa = PBXBuildFile; fileRef = 6E801CC8262C1C6E0081E68A /* HomeView.swift */; };
		6E801CD2262C1D810081E68A /* UIViewExtensions.swift in Sources */ = {isa = PBXBuildFile; fileRef = 6E801CD1262C1D810081E68A /* UIViewExtensions.swift */; };
		6E801CDF262C22240081E68A /* HomeReactor.swift in Sources */ = {isa = PBXBuildFile; fileRef = 6E801CDE262C22240081E68A /* HomeReactor.swift */; };
		6E81759526382B680050FFC7 /* UIColorExtensions.swift in Sources */ = {isa = PBXBuildFile; fileRef = 6E81759426382B680050FFC7 /* UIColorExtensions.swift */; };
		6E817597263835390050FFC7 /* UIFontExtensions.swift in Sources */ = {isa = PBXBuildFile; fileRef = 6E817596263835390050FFC7 /* UIFontExtensions.swift */; };
		6E81759B263837330050FFC7 /* SpoqaHanSansNeo-Bold.ttf in Resources */ = {isa = PBXBuildFile; fileRef = 6E81759A263837330050FFC7 /* SpoqaHanSansNeo-Bold.ttf */; };
		6E81759D263837AD0050FFC7 /* SpoqaHanSansNeo-Light.ttf in Resources */ = {isa = PBXBuildFile; fileRef = 6E81759C263837AD0050FFC7 /* SpoqaHanSansNeo-Light.ttf */; };
		6E81759F263838140050FFC7 /* SpoqaHanSansNeo-Medium.ttf in Resources */ = {isa = PBXBuildFile; fileRef = 6E81759E263838140050FFC7 /* SpoqaHanSansNeo-Medium.ttf */; };
		6E8175A1263838910050FFC7 /* SpoqaHanSansNeo-Regular.ttf in Resources */ = {isa = PBXBuildFile; fileRef = 6E8175A0263838910050FFC7 /* SpoqaHanSansNeo-Regular.ttf */; };
		6EABBACD263A950500ACC332 /* AccessToken.swift in Sources */ = {isa = PBXBuildFile; fileRef = 6EABBACC263A950500ACC332 /* AccessToken.swift */; };
		6EABBACF263A954100ACC332 /* SocialType.swift in Sources */ = {isa = PBXBuildFile; fileRef = 6EABBACE263A954100ACC332 /* SocialType.swift */; };
		6EABBAD1263A95DE00ACC332 /* CommonError.swift in Sources */ = {isa = PBXBuildFile; fileRef = 6EABBAD0263A95DE00ACC332 /* CommonError.swift */; };
		6EABBAD5263AC73800ACC332 /* SignInManagerProtocol.swift in Sources */ = {isa = PBXBuildFile; fileRef = 6EABBAD4263AC73800ACC332 /* SignInManagerProtocol.swift */; };
		6EABBADC263AD2C900ACC332 /* Localization.strings in Resources */ = {isa = PBXBuildFile; fileRef = 6EABBADE263AD2C900ACC332 /* Localization.strings */; };
		6EABBAE0263AD2DE00ACC332 /* StringExtensions.swift in Sources */ = {isa = PBXBuildFile; fileRef = 6EABBADF263AD2DE00ACC332 /* StringExtensions.swift */; };
		75EB274A7463C18CD6356549 /* Pods_9th_muyaho_iOS.framework in Frameworks */ = {isa = PBXBuildFile; fileRef = E0A99F53BEF14AA289056FC2 /* Pods_9th_muyaho_iOS.framework */; };
		A5754B4B2625B6C200B6E8A1 /* AppDelegate.swift in Sources */ = {isa = PBXBuildFile; fileRef = A5754B4A2625B6C200B6E8A1 /* AppDelegate.swift */; };
		A5754B4D2625B6C200B6E8A1 /* SceneDelegate.swift in Sources */ = {isa = PBXBuildFile; fileRef = A5754B4C2625B6C200B6E8A1 /* SceneDelegate.swift */; };
		A5754B542625B6C400B6E8A1 /* Assets.xcassets in Resources */ = {isa = PBXBuildFile; fileRef = A5754B532625B6C400B6E8A1 /* Assets.xcassets */; };
		A5754B572625B6C400B6E8A1 /* LaunchScreen.storyboard in Resources */ = {isa = PBXBuildFile; fileRef = A5754B552625B6C400B6E8A1 /* LaunchScreen.storyboard */; };
		A5754B622625B6C500B6E8A1 /* _th_muyaho_iOSTests.swift in Sources */ = {isa = PBXBuildFile; fileRef = A5754B612625B6C500B6E8A1 /* _th_muyaho_iOSTests.swift */; };
		A5754B6D2625B6C500B6E8A1 /* _th_muyaho_iOSUITests.swift in Sources */ = {isa = PBXBuildFile; fileRef = A5754B6C2625B6C500B6E8A1 /* _th_muyaho_iOSUITests.swift */; };
		A5754BA62625BBD100B6E8A1 /* MainTabBerController.swift in Sources */ = {isa = PBXBuildFile; fileRef = A5754BA52625BBD100B6E8A1 /* MainTabBerController.swift */; };
		A5754BAF2625BC6B00B6E8A1 /* BaseView.swift in Sources */ = {isa = PBXBuildFile; fileRef = A5754BAE2625BC6B00B6E8A1 /* BaseView.swift */; };
		A5754BB72625BD8900B6E8A1 /* BaseViewController.swift in Sources */ = {isa = PBXBuildFile; fileRef = A5754BB62625BD8900B6E8A1 /* BaseViewController.swift */; };
		A5754BBC2625BE4B00B6E8A1 /* BaseTableViewCell.swift in Sources */ = {isa = PBXBuildFile; fileRef = A5754BBB2625BE4B00B6E8A1 /* BaseTableViewCell.swift */; };
		E5522E36B7F597FE6EF15C86 /* Pods_9th_muyaho_iOSTests.framework in Frameworks */ = {isa = PBXBuildFile; fileRef = FC2548F9F95CFE9F9A594D89 /* Pods_9th_muyaho_iOSTests.framework */; };
/* End PBXBuildFile section */

/* Begin PBXContainerItemProxy section */
		A5754B5E2625B6C500B6E8A1 /* PBXContainerItemProxy */ = {
			isa = PBXContainerItemProxy;
			containerPortal = A5754B3F2625B6C200B6E8A1 /* Project object */;
			proxyType = 1;
			remoteGlobalIDString = A5754B462625B6C200B6E8A1;
			remoteInfo = 9th_muyaho_iOS;
		};
		A5754B692625B6C500B6E8A1 /* PBXContainerItemProxy */ = {
			isa = PBXContainerItemProxy;
			containerPortal = A5754B3F2625B6C200B6E8A1 /* Project object */;
			proxyType = 1;
			remoteGlobalIDString = A5754B462625B6C200B6E8A1;
			remoteInfo = 9th_muyaho_iOS;
		};
/* End PBXContainerItemProxy section */

/* Begin PBXFileReference section */
		142F235D39B5272294793A7A /* Pods_9th_muyaho_iOS_9th_muyaho_iOSUITests.framework */ = {isa = PBXFileReference; explicitFileType = wrapper.framework; includeInIndex = 0; path = Pods_9th_muyaho_iOS_9th_muyaho_iOSUITests.framework; sourceTree = BUILT_PRODUCTS_DIR; };
		4EA2ABCB9DE75C662E452F1D /* Pods-9th_muyaho_iOSTests.debug.xcconfig */ = {isa = PBXFileReference; includeInIndex = 1; lastKnownFileType = text.xcconfig; name = "Pods-9th_muyaho_iOSTests.debug.xcconfig"; path = "Target Support Files/Pods-9th_muyaho_iOSTests/Pods-9th_muyaho_iOSTests.debug.xcconfig"; sourceTree = "<group>"; };
		4FDA26644E22F62978D83FBA /* Pods-9th_muyaho_iOS.debug.xcconfig */ = {isa = PBXFileReference; includeInIndex = 1; lastKnownFileType = text.xcconfig; name = "Pods-9th_muyaho_iOS.debug.xcconfig"; path = "Target Support Files/Pods-9th_muyaho_iOS/Pods-9th_muyaho_iOS.debug.xcconfig"; sourceTree = "<group>"; };
		6E40DDFB263448060003E4AD /* UIImageExtensions.swift */ = {isa = PBXFileReference; lastKnownFileType = sourcecode.swift; path = UIImageExtensions.swift; sourceTree = "<group>"; };
		6E4FE4A12638625B00103948 /* SignInViewController.swift */ = {isa = PBXFileReference; lastKnownFileType = sourcecode.swift; path = SignInViewController.swift; sourceTree = "<group>"; };
		6E4FE4A32638655B00103948 /* SignInReactor.swift */ = {isa = PBXFileReference; lastKnownFileType = sourcecode.swift; path = SignInReactor.swift; sourceTree = "<group>"; };
		6E6E6DF62639AFF70061AB4A /* KakaoSignInManager.swift */ = {isa = PBXFileReference; lastKnownFileType = sourcecode.swift; path = KakaoSignInManager.swift; sourceTree = "<group>"; };
		6E6E6DF82639B1320061AB4A /* AppleSignInManager.swift */ = {isa = PBXFileReference; lastKnownFileType = sourcecode.swift; path = AppleSignInManager.swift; sourceTree = "<group>"; };
		6E7ED81E26385FD400DC0C10 /* SignInView.swift */ = {isa = PBXFileReference; lastKnownFileType = sourcecode.swift; path = SignInView.swift; sourceTree = "<group>"; };
		6E801CC3262C1C2E0081E68A /* HomeViewController.swift */ = {isa = PBXFileReference; lastKnownFileType = sourcecode.swift; path = HomeViewController.swift; sourceTree = "<group>"; };
		6E801CC8262C1C6E0081E68A /* HomeView.swift */ = {isa = PBXFileReference; lastKnownFileType = sourcecode.swift; path = HomeView.swift; sourceTree = "<group>"; };
		6E801CD1262C1D810081E68A /* UIViewExtensions.swift */ = {isa = PBXFileReference; lastKnownFileType = sourcecode.swift; path = UIViewExtensions.swift; sourceTree = "<group>"; };
		6E801CDE262C22240081E68A /* HomeReactor.swift */ = {isa = PBXFileReference; lastKnownFileType = sourcecode.swift; path = HomeReactor.swift; sourceTree = "<group>"; };
		6E81759426382B680050FFC7 /* UIColorExtensions.swift */ = {isa = PBXFileReference; lastKnownFileType = sourcecode.swift; path = UIColorExtensions.swift; sourceTree = "<group>"; };
		6E817596263835390050FFC7 /* UIFontExtensions.swift */ = {isa = PBXFileReference; lastKnownFileType = sourcecode.swift; path = UIFontExtensions.swift; sourceTree = "<group>"; };
		6E81759A263837330050FFC7 /* SpoqaHanSansNeo-Bold.ttf */ = {isa = PBXFileReference; lastKnownFileType = file; path = "SpoqaHanSansNeo-Bold.ttf"; sourceTree = "<group>"; };
		6E81759C263837AD0050FFC7 /* SpoqaHanSansNeo-Light.ttf */ = {isa = PBXFileReference; lastKnownFileType = file; path = "SpoqaHanSansNeo-Light.ttf"; sourceTree = "<group>"; };
		6E81759E263838140050FFC7 /* SpoqaHanSansNeo-Medium.ttf */ = {isa = PBXFileReference; lastKnownFileType = file; path = "SpoqaHanSansNeo-Medium.ttf"; sourceTree = "<group>"; };
		6E8175A0263838910050FFC7 /* SpoqaHanSansNeo-Regular.ttf */ = {isa = PBXFileReference; lastKnownFileType = file; path = "SpoqaHanSansNeo-Regular.ttf"; sourceTree = "<group>"; };
		6EABBACC263A950500ACC332 /* AccessToken.swift */ = {isa = PBXFileReference; lastKnownFileType = sourcecode.swift; path = AccessToken.swift; sourceTree = "<group>"; };
		6EABBACE263A954100ACC332 /* SocialType.swift */ = {isa = PBXFileReference; lastKnownFileType = sourcecode.swift; path = SocialType.swift; sourceTree = "<group>"; };
		6EABBAD0263A95DE00ACC332 /* CommonError.swift */ = {isa = PBXFileReference; lastKnownFileType = sourcecode.swift; path = CommonError.swift; sourceTree = "<group>"; };
		6EABBAD4263AC73800ACC332 /* SignInManagerProtocol.swift */ = {isa = PBXFileReference; lastKnownFileType = sourcecode.swift; path = SignInManagerProtocol.swift; sourceTree = "<group>"; };
		6EABBADD263AD2C900ACC332 /* en */ = {isa = PBXFileReference; lastKnownFileType = text.plist.strings; name = en; path = en.lproj/Localization.strings; sourceTree = "<group>"; };
		6EABBADF263AD2DE00ACC332 /* StringExtensions.swift */ = {isa = PBXFileReference; lastKnownFileType = sourcecode.swift; path = StringExtensions.swift; sourceTree = "<group>"; };
		6EF07EFF26393349004FBE8F /* 9th_muyaho_iOS.entitlements */ = {isa = PBXFileReference; lastKnownFileType = text.plist.entitlements; path = 9th_muyaho_iOS.entitlements; sourceTree = "<group>"; };
		78331A75FFCFDE917BECB028 /* Pods-9th_muyaho_iOSTests.release.xcconfig */ = {isa = PBXFileReference; includeInIndex = 1; lastKnownFileType = text.xcconfig; name = "Pods-9th_muyaho_iOSTests.release.xcconfig"; path = "Target Support Files/Pods-9th_muyaho_iOSTests/Pods-9th_muyaho_iOSTests.release.xcconfig"; sourceTree = "<group>"; };
		8A5B3A6B5E869E13AFFE890C /* Pods-9th_muyaho_iOS-9th_muyaho_iOSUITests.release.xcconfig */ = {isa = PBXFileReference; includeInIndex = 1; lastKnownFileType = text.xcconfig; name = "Pods-9th_muyaho_iOS-9th_muyaho_iOSUITests.release.xcconfig"; path = "Target Support Files/Pods-9th_muyaho_iOS-9th_muyaho_iOSUITests/Pods-9th_muyaho_iOS-9th_muyaho_iOSUITests.release.xcconfig"; sourceTree = "<group>"; };
		A57283C4AA526D18F7C7023E /* Pods-9th_muyaho_iOS.release.xcconfig */ = {isa = PBXFileReference; includeInIndex = 1; lastKnownFileType = text.xcconfig; name = "Pods-9th_muyaho_iOS.release.xcconfig"; path = "Target Support Files/Pods-9th_muyaho_iOS/Pods-9th_muyaho_iOS.release.xcconfig"; sourceTree = "<group>"; };
		A5754B472625B6C200B6E8A1 /* 9th_muyaho_iOS.app */ = {isa = PBXFileReference; explicitFileType = wrapper.application; includeInIndex = 0; path = 9th_muyaho_iOS.app; sourceTree = BUILT_PRODUCTS_DIR; };
		A5754B4A2625B6C200B6E8A1 /* AppDelegate.swift */ = {isa = PBXFileReference; lastKnownFileType = sourcecode.swift; path = AppDelegate.swift; sourceTree = "<group>"; };
		A5754B4C2625B6C200B6E8A1 /* SceneDelegate.swift */ = {isa = PBXFileReference; lastKnownFileType = sourcecode.swift; path = SceneDelegate.swift; sourceTree = "<group>"; };
		A5754B532625B6C400B6E8A1 /* Assets.xcassets */ = {isa = PBXFileReference; lastKnownFileType = folder.assetcatalog; path = Assets.xcassets; sourceTree = "<group>"; };
		A5754B562625B6C400B6E8A1 /* Base */ = {isa = PBXFileReference; lastKnownFileType = file.storyboard; name = Base; path = Base.lproj/LaunchScreen.storyboard; sourceTree = "<group>"; };
		A5754B582625B6C400B6E8A1 /* Info.plist */ = {isa = PBXFileReference; lastKnownFileType = text.plist.xml; path = Info.plist; sourceTree = "<group>"; };
		A5754B5D2625B6C500B6E8A1 /* 9th_muyaho_iOSTests.xctest */ = {isa = PBXFileReference; explicitFileType = wrapper.cfbundle; includeInIndex = 0; path = 9th_muyaho_iOSTests.xctest; sourceTree = BUILT_PRODUCTS_DIR; };
		A5754B612625B6C500B6E8A1 /* _th_muyaho_iOSTests.swift */ = {isa = PBXFileReference; lastKnownFileType = sourcecode.swift; path = _th_muyaho_iOSTests.swift; sourceTree = "<group>"; };
		A5754B632625B6C500B6E8A1 /* Info.plist */ = {isa = PBXFileReference; lastKnownFileType = text.plist.xml; path = Info.plist; sourceTree = "<group>"; };
		A5754B682625B6C500B6E8A1 /* 9th_muyaho_iOSUITests.xctest */ = {isa = PBXFileReference; explicitFileType = wrapper.cfbundle; includeInIndex = 0; path = 9th_muyaho_iOSUITests.xctest; sourceTree = BUILT_PRODUCTS_DIR; };
		A5754B6C2625B6C500B6E8A1 /* _th_muyaho_iOSUITests.swift */ = {isa = PBXFileReference; lastKnownFileType = sourcecode.swift; path = _th_muyaho_iOSUITests.swift; sourceTree = "<group>"; };
		A5754B6E2625B6C500B6E8A1 /* Info.plist */ = {isa = PBXFileReference; lastKnownFileType = text.plist.xml; path = Info.plist; sourceTree = "<group>"; };
		A5754BA52625BBD100B6E8A1 /* MainTabBerController.swift */ = {isa = PBXFileReference; lastKnownFileType = sourcecode.swift; path = MainTabBerController.swift; sourceTree = "<group>"; };
		A5754BAE2625BC6B00B6E8A1 /* BaseView.swift */ = {isa = PBXFileReference; lastKnownFileType = sourcecode.swift; path = BaseView.swift; sourceTree = "<group>"; };
		A5754BB62625BD8900B6E8A1 /* BaseViewController.swift */ = {isa = PBXFileReference; lastKnownFileType = sourcecode.swift; path = BaseViewController.swift; sourceTree = "<group>"; };
		A5754BBB2625BE4B00B6E8A1 /* BaseTableViewCell.swift */ = {isa = PBXFileReference; lastKnownFileType = sourcecode.swift; path = BaseTableViewCell.swift; sourceTree = "<group>"; };
		E0A99F53BEF14AA289056FC2 /* Pods_9th_muyaho_iOS.framework */ = {isa = PBXFileReference; explicitFileType = wrapper.framework; includeInIndex = 0; path = Pods_9th_muyaho_iOS.framework; sourceTree = BUILT_PRODUCTS_DIR; };
		EDE242BEDD8AE9165558401E /* Pods-9th_muyaho_iOS-9th_muyaho_iOSUITests.debug.xcconfig */ = {isa = PBXFileReference; includeInIndex = 1; lastKnownFileType = text.xcconfig; name = "Pods-9th_muyaho_iOS-9th_muyaho_iOSUITests.debug.xcconfig"; path = "Target Support Files/Pods-9th_muyaho_iOS-9th_muyaho_iOSUITests/Pods-9th_muyaho_iOS-9th_muyaho_iOSUITests.debug.xcconfig"; sourceTree = "<group>"; };
		FC2548F9F95CFE9F9A594D89 /* Pods_9th_muyaho_iOSTests.framework */ = {isa = PBXFileReference; explicitFileType = wrapper.framework; includeInIndex = 0; path = Pods_9th_muyaho_iOSTests.framework; sourceTree = BUILT_PRODUCTS_DIR; };
/* End PBXFileReference section */

/* Begin PBXFrameworksBuildPhase section */
		A5754B442625B6C200B6E8A1 /* Frameworks */ = {
			isa = PBXFrameworksBuildPhase;
			buildActionMask = 2147483647;
			files = (
				75EB274A7463C18CD6356549 /* Pods_9th_muyaho_iOS.framework in Frameworks */,
			);
			runOnlyForDeploymentPostprocessing = 0;
		};
		A5754B5A2625B6C500B6E8A1 /* Frameworks */ = {
			isa = PBXFrameworksBuildPhase;
			buildActionMask = 2147483647;
			files = (
				E5522E36B7F597FE6EF15C86 /* Pods_9th_muyaho_iOSTests.framework in Frameworks */,
			);
			runOnlyForDeploymentPostprocessing = 0;
		};
		A5754B652625B6C500B6E8A1 /* Frameworks */ = {
			isa = PBXFrameworksBuildPhase;
			buildActionMask = 2147483647;
			files = (
				201094345947E3C0EB6BD6A3 /* Pods_9th_muyaho_iOS_9th_muyaho_iOSUITests.framework in Frameworks */,
			);
			runOnlyForDeploymentPostprocessing = 0;
		};
/* End PBXFrameworksBuildPhase section */

/* Begin PBXGroup section */
		6E7ED81D26385F9A00DC0C10 /* sign-in */ = {
			isa = PBXGroup;
			children = (
				6E7ED81E26385FD400DC0C10 /* SignInView.swift */,
				6E4FE4A12638625B00103948 /* SignInViewController.swift */,
				6E4FE4A32638655B00103948 /* SignInReactor.swift */,
			);
			path = "sign-in";
			sourceTree = "<group>";
		};
		6E801CC2262C1C260081E68A /* home */ = {
			isa = PBXGroup;
			children = (
				6E801CC3262C1C2E0081E68A /* HomeViewController.swift */,
				6E801CC8262C1C6E0081E68A /* HomeView.swift */,
				6E801CDE262C22240081E68A /* HomeReactor.swift */,
			);
			path = home;
			sourceTree = "<group>";
		};
		6E801CD0262C1D790081E68A /* extensions */ = {
			isa = PBXGroup;
			children = (
				6E801CD1262C1D810081E68A /* UIViewExtensions.swift */,
				6E40DDFB263448060003E4AD /* UIImageExtensions.swift */,
				6E81759426382B680050FFC7 /* UIColorExtensions.swift */,
				6E817596263835390050FFC7 /* UIFontExtensions.swift */,
				6EABBADF263AD2DE00ACC332 /* StringExtensions.swift */,
			);
			path = extensions;
			sourceTree = "<group>";
		};
		6E817598263836A20050FFC7 /* resource */ = {
			isa = PBXGroup;
			children = (
				6E817599263836EE0050FFC7 /* font */,
				6EABBADE263AD2C900ACC332 /* Localization.strings */,
			);
			path = resource;
			sourceTree = "<group>";
		};
		6E817599263836EE0050FFC7 /* font */ = {
			isa = PBXGroup;
			children = (
				6E81759A263837330050FFC7 /* SpoqaHanSansNeo-Bold.ttf */,
				6E81759C263837AD0050FFC7 /* SpoqaHanSansNeo-Light.ttf */,
				6E81759E263838140050FFC7 /* SpoqaHanSansNeo-Medium.ttf */,
				6E8175A0263838910050FFC7 /* SpoqaHanSansNeo-Regular.ttf */,
			);
			path = font;
			sourceTree = "<group>";
		};
		6EABBACB263A94E700ACC332 /* models */ = {
			isa = PBXGroup;
			children = (
				6EABBACC263A950500ACC332 /* AccessToken.swift */,
				6EABBACE263A954100ACC332 /* SocialType.swift */,
				6EABBAD0263A95DE00ACC332 /* CommonError.swift */,
			);
			path = models;
			sourceTree = "<group>";
		};
		6EABBAD2263AA03A00ACC332 /* managers */ = {
			isa = PBXGroup;
			children = (
				6EABBAD9263AD26900ACC332 /* sign-in */,
			);
			path = managers;
			sourceTree = "<group>";
		};
		6EABBAD9263AD26900ACC332 /* sign-in */ = {
			isa = PBXGroup;
			children = (
				6EABBAD4263AC73800ACC332 /* SignInManagerProtocol.swift */,
				6E6E6DF62639AFF70061AB4A /* KakaoSignInManager.swift */,
				6E6E6DF82639B1320061AB4A /* AppleSignInManager.swift */,
			);
			path = "sign-in";
			sourceTree = "<group>";
		};
		87FCFDC4CDCDE6F10EB1AB73 /* Frameworks */ = {
			isa = PBXGroup;
			children = (
				E0A99F53BEF14AA289056FC2 /* Pods_9th_muyaho_iOS.framework */,
				142F235D39B5272294793A7A /* Pods_9th_muyaho_iOS_9th_muyaho_iOSUITests.framework */,
				FC2548F9F95CFE9F9A594D89 /* Pods_9th_muyaho_iOSTests.framework */,
			);
			name = Frameworks;
			sourceTree = "<group>";
		};
		A5754B3E2625B6C200B6E8A1 = {
			isa = PBXGroup;
			children = (
				A5754B492625B6C200B6E8A1 /* 9th_muyaho_iOS */,
				A5754B602625B6C500B6E8A1 /* 9th_muyaho_iOSTests */,
				A5754B6B2625B6C500B6E8A1 /* 9th_muyaho_iOSUITests */,
				A5754B482625B6C200B6E8A1 /* Products */,
				D832443F51FC385EB486FBCD /* Pods */,
				87FCFDC4CDCDE6F10EB1AB73 /* Frameworks */,
			);
			sourceTree = "<group>";
		};
		A5754B482625B6C200B6E8A1 /* Products */ = {
			isa = PBXGroup;
			children = (
				A5754B472625B6C200B6E8A1 /* 9th_muyaho_iOS.app */,
				A5754B5D2625B6C500B6E8A1 /* 9th_muyaho_iOSTests.xctest */,
				A5754B682625B6C500B6E8A1 /* 9th_muyaho_iOSUITests.xctest */,
			);
			name = Products;
			sourceTree = "<group>";
		};
		A5754B492625B6C200B6E8A1 /* 9th_muyaho_iOS */ = {
			isa = PBXGroup;
			children = (
				6EABBAD2263AA03A00ACC332 /* managers */,
				6EABBACB263A94E700ACC332 /* models */,
				6EF07EFF26393349004FBE8F /* 9th_muyaho_iOS.entitlements */,
				6E817598263836A20050FFC7 /* resource */,
				6E801CD0262C1D790081E68A /* extensions */,
				A5754BA32625BB6200B6E8A1 /* features */,
				A5754B4A2625B6C200B6E8A1 /* AppDelegate.swift */,
				A5754B4C2625B6C200B6E8A1 /* SceneDelegate.swift */,
				A5754B532625B6C400B6E8A1 /* Assets.xcassets */,
				A5754B552625B6C400B6E8A1 /* LaunchScreen.storyboard */,
				A5754B582625B6C400B6E8A1 /* Info.plist */,
			);
			path = 9th_muyaho_iOS;
			sourceTree = "<group>";
		};
		A5754B602625B6C500B6E8A1 /* 9th_muyaho_iOSTests */ = {
			isa = PBXGroup;
			children = (
				A5754B612625B6C500B6E8A1 /* _th_muyaho_iOSTests.swift */,
				A5754B632625B6C500B6E8A1 /* Info.plist */,
			);
			path = 9th_muyaho_iOSTests;
			sourceTree = "<group>";
		};
		A5754B6B2625B6C500B6E8A1 /* 9th_muyaho_iOSUITests */ = {
			isa = PBXGroup;
			children = (
				A5754B6C2625B6C500B6E8A1 /* _th_muyaho_iOSUITests.swift */,
				A5754B6E2625B6C500B6E8A1 /* Info.plist */,
			);
			path = 9th_muyaho_iOSUITests;
			sourceTree = "<group>";
		};
		A5754BA32625BB6200B6E8A1 /* features */ = {
			isa = PBXGroup;
			children = (
				6E7ED81D26385F9A00DC0C10 /* sign-in */,
				6E801CC2262C1C260081E68A /* home */,
				A5754BAD2625BC2100B6E8A1 /* base */,
				A5754BA42625BB7000B6E8A1 /* tabbar */,
			);
			path = features;
			sourceTree = "<group>";
		};
		A5754BA42625BB7000B6E8A1 /* tabbar */ = {
			isa = PBXGroup;
			children = (
				A5754BA52625BBD100B6E8A1 /* MainTabBerController.swift */,
			);
			path = tabbar;
			sourceTree = "<group>";
		};
		A5754BAD2625BC2100B6E8A1 /* base */ = {
			isa = PBXGroup;
			children = (
				A5754BAE2625BC6B00B6E8A1 /* BaseView.swift */,
				A5754BB62625BD8900B6E8A1 /* BaseViewController.swift */,
				A5754BBB2625BE4B00B6E8A1 /* BaseTableViewCell.swift */,
			);
			path = base;
			sourceTree = "<group>";
		};
		D832443F51FC385EB486FBCD /* Pods */ = {
			isa = PBXGroup;
			children = (
				4FDA26644E22F62978D83FBA /* Pods-9th_muyaho_iOS.debug.xcconfig */,
				A57283C4AA526D18F7C7023E /* Pods-9th_muyaho_iOS.release.xcconfig */,
				EDE242BEDD8AE9165558401E /* Pods-9th_muyaho_iOS-9th_muyaho_iOSUITests.debug.xcconfig */,
				8A5B3A6B5E869E13AFFE890C /* Pods-9th_muyaho_iOS-9th_muyaho_iOSUITests.release.xcconfig */,
				4EA2ABCB9DE75C662E452F1D /* Pods-9th_muyaho_iOSTests.debug.xcconfig */,
				78331A75FFCFDE917BECB028 /* Pods-9th_muyaho_iOSTests.release.xcconfig */,
			);
			path = Pods;
			sourceTree = "<group>";
		};
/* End PBXGroup section */

/* Begin PBXNativeTarget section */
		A5754B462625B6C200B6E8A1 /* 9th_muyaho_iOS */ = {
			isa = PBXNativeTarget;
			buildConfigurationList = A5754B712625B6C500B6E8A1 /* Build configuration list for PBXNativeTarget "9th_muyaho_iOS" */;
			buildPhases = (
				E0647E4BD103CF6BEC879EA5 /* [CP] Check Pods Manifest.lock */,
				A5754B432625B6C200B6E8A1 /* Sources */,
				A5754B442625B6C200B6E8A1 /* Frameworks */,
				A5754B452625B6C200B6E8A1 /* Resources */,
				215DC6829D81B166B0D8978D /* [CP] Embed Pods Frameworks */,
			);
			buildRules = (
			);
			dependencies = (
			);
			name = 9th_muyaho_iOS;
			productName = 9th_muyaho_iOS;
			productReference = A5754B472625B6C200B6E8A1 /* 9th_muyaho_iOS.app */;
			productType = "com.apple.product-type.application";
		};
		A5754B5C2625B6C500B6E8A1 /* 9th_muyaho_iOSTests */ = {
			isa = PBXNativeTarget;
			buildConfigurationList = A5754B742625B6C500B6E8A1 /* Build configuration list for PBXNativeTarget "9th_muyaho_iOSTests" */;
			buildPhases = (
				03DF2756038D0F05CE772632 /* [CP] Check Pods Manifest.lock */,
				A5754B592625B6C500B6E8A1 /* Sources */,
				A5754B5A2625B6C500B6E8A1 /* Frameworks */,
				A5754B5B2625B6C500B6E8A1 /* Resources */,
			);
			buildRules = (
			);
			dependencies = (
				A5754B5F2625B6C500B6E8A1 /* PBXTargetDependency */,
			);
			name = 9th_muyaho_iOSTests;
			productName = 9th_muyaho_iOSTests;
			productReference = A5754B5D2625B6C500B6E8A1 /* 9th_muyaho_iOSTests.xctest */;
			productType = "com.apple.product-type.bundle.unit-test";
		};
		A5754B672625B6C500B6E8A1 /* 9th_muyaho_iOSUITests */ = {
			isa = PBXNativeTarget;
			buildConfigurationList = A5754B772625B6C500B6E8A1 /* Build configuration list for PBXNativeTarget "9th_muyaho_iOSUITests" */;
			buildPhases = (
				5FD7D86F68F634BCF30D975C /* [CP] Check Pods Manifest.lock */,
				A5754B642625B6C500B6E8A1 /* Sources */,
				A5754B652625B6C500B6E8A1 /* Frameworks */,
				A5754B662625B6C500B6E8A1 /* Resources */,
				481F00B964A6F8976983FCD0 /* [CP] Embed Pods Frameworks */,
			);
			buildRules = (
			);
			dependencies = (
				A5754B6A2625B6C500B6E8A1 /* PBXTargetDependency */,
			);
			name = 9th_muyaho_iOSUITests;
			productName = 9th_muyaho_iOSUITests;
			productReference = A5754B682625B6C500B6E8A1 /* 9th_muyaho_iOSUITests.xctest */;
			productType = "com.apple.product-type.bundle.ui-testing";
		};
/* End PBXNativeTarget section */

/* Begin PBXProject section */
		A5754B3F2625B6C200B6E8A1 /* Project object */ = {
			isa = PBXProject;
			attributes = {
				LastSwiftUpdateCheck = 1240;
				LastUpgradeCheck = 1240;
				TargetAttributes = {
					A5754B462625B6C200B6E8A1 = {
						CreatedOnToolsVersion = 12.4;
					};
					A5754B5C2625B6C500B6E8A1 = {
						CreatedOnToolsVersion = 12.4;
						TestTargetID = A5754B462625B6C200B6E8A1;
					};
					A5754B672625B6C500B6E8A1 = {
						CreatedOnToolsVersion = 12.4;
						TestTargetID = A5754B462625B6C200B6E8A1;
					};
				};
			};
			buildConfigurationList = A5754B422625B6C200B6E8A1 /* Build configuration list for PBXProject "9th_muyaho_iOS" */;
			compatibilityVersion = "Xcode 9.3";
			developmentRegion = en;
			hasScannedForEncodings = 0;
			knownRegions = (
				en,
				Base,
			);
			mainGroup = A5754B3E2625B6C200B6E8A1;
			productRefGroup = A5754B482625B6C200B6E8A1 /* Products */;
			projectDirPath = "";
			projectRoot = "";
			targets = (
				A5754B462625B6C200B6E8A1 /* 9th_muyaho_iOS */,
				A5754B5C2625B6C500B6E8A1 /* 9th_muyaho_iOSTests */,
				A5754B672625B6C500B6E8A1 /* 9th_muyaho_iOSUITests */,
			);
		};
/* End PBXProject section */

/* Begin PBXResourcesBuildPhase section */
		A5754B452625B6C200B6E8A1 /* Resources */ = {
			isa = PBXResourcesBuildPhase;
			buildActionMask = 2147483647;
			files = (
				6E81759D263837AD0050FFC7 /* SpoqaHanSansNeo-Light.ttf in Resources */,
				A5754B572625B6C400B6E8A1 /* LaunchScreen.storyboard in Resources */,
				6EABBADC263AD2C900ACC332 /* Localization.strings in Resources */,
				6E81759B263837330050FFC7 /* SpoqaHanSansNeo-Bold.ttf in Resources */,
				6E81759F263838140050FFC7 /* SpoqaHanSansNeo-Medium.ttf in Resources */,
				6E8175A1263838910050FFC7 /* SpoqaHanSansNeo-Regular.ttf in Resources */,
				A5754B542625B6C400B6E8A1 /* Assets.xcassets in Resources */,
			);
			runOnlyForDeploymentPostprocessing = 0;
		};
		A5754B5B2625B6C500B6E8A1 /* Resources */ = {
			isa = PBXResourcesBuildPhase;
			buildActionMask = 2147483647;
			files = (
			);
			runOnlyForDeploymentPostprocessing = 0;
		};
		A5754B662625B6C500B6E8A1 /* Resources */ = {
			isa = PBXResourcesBuildPhase;
			buildActionMask = 2147483647;
			files = (
			);
			runOnlyForDeploymentPostprocessing = 0;
		};
/* End PBXResourcesBuildPhase section */

/* Begin PBXShellScriptBuildPhase section */
		03DF2756038D0F05CE772632 /* [CP] Check Pods Manifest.lock */ = {
			isa = PBXShellScriptBuildPhase;
			buildActionMask = 2147483647;
			files = (
			);
			inputFileListPaths = (
			);
			inputPaths = (
				"${PODS_PODFILE_DIR_PATH}/Podfile.lock",
				"${PODS_ROOT}/Manifest.lock",
			);
			name = "[CP] Check Pods Manifest.lock";
			outputFileListPaths = (
			);
			outputPaths = (
				"$(DERIVED_FILE_DIR)/Pods-9th_muyaho_iOSTests-checkManifestLockResult.txt",
			);
			runOnlyForDeploymentPostprocessing = 0;
			shellPath = /bin/sh;
			shellScript = "diff \"${PODS_PODFILE_DIR_PATH}/Podfile.lock\" \"${PODS_ROOT}/Manifest.lock\" > /dev/null\nif [ $? != 0 ] ; then\n    # print error to STDERR\n    echo \"error: The sandbox is not in sync with the Podfile.lock. Run 'pod install' or update your CocoaPods installation.\" >&2\n    exit 1\nfi\n# This output is used by Xcode 'outputs' to avoid re-running this script phase.\necho \"SUCCESS\" > \"${SCRIPT_OUTPUT_FILE_0}\"\n";
			showEnvVarsInLog = 0;
		};
		215DC6829D81B166B0D8978D /* [CP] Embed Pods Frameworks */ = {
			isa = PBXShellScriptBuildPhase;
			buildActionMask = 2147483647;
			files = (
			);
			inputFileListPaths = (
				"${PODS_ROOT}/Target Support Files/Pods-9th_muyaho_iOS/Pods-9th_muyaho_iOS-frameworks-${CONFIGURATION}-input-files.xcfilelist",
			);
			name = "[CP] Embed Pods Frameworks";
			outputFileListPaths = (
				"${PODS_ROOT}/Target Support Files/Pods-9th_muyaho_iOS/Pods-9th_muyaho_iOS-frameworks-${CONFIGURATION}-output-files.xcfilelist",
			);
			runOnlyForDeploymentPostprocessing = 0;
			shellPath = /bin/sh;
			shellScript = "\"${PODS_ROOT}/Target Support Files/Pods-9th_muyaho_iOS/Pods-9th_muyaho_iOS-frameworks.sh\"\n";
			showEnvVarsInLog = 0;
		};
		481F00B964A6F8976983FCD0 /* [CP] Embed Pods Frameworks */ = {
			isa = PBXShellScriptBuildPhase;
			buildActionMask = 2147483647;
			files = (
			);
			inputFileListPaths = (
				"${PODS_ROOT}/Target Support Files/Pods-9th_muyaho_iOS-9th_muyaho_iOSUITests/Pods-9th_muyaho_iOS-9th_muyaho_iOSUITests-frameworks-${CONFIGURATION}-input-files.xcfilelist",
			);
			name = "[CP] Embed Pods Frameworks";
			outputFileListPaths = (
				"${PODS_ROOT}/Target Support Files/Pods-9th_muyaho_iOS-9th_muyaho_iOSUITests/Pods-9th_muyaho_iOS-9th_muyaho_iOSUITests-frameworks-${CONFIGURATION}-output-files.xcfilelist",
			);
			runOnlyForDeploymentPostprocessing = 0;
			shellPath = /bin/sh;
			shellScript = "\"${PODS_ROOT}/Target Support Files/Pods-9th_muyaho_iOS-9th_muyaho_iOSUITests/Pods-9th_muyaho_iOS-9th_muyaho_iOSUITests-frameworks.sh\"\n";
			showEnvVarsInLog = 0;
		};
		5FD7D86F68F634BCF30D975C /* [CP] Check Pods Manifest.lock */ = {
			isa = PBXShellScriptBuildPhase;
			buildActionMask = 2147483647;
			files = (
			);
			inputFileListPaths = (
			);
			inputPaths = (
				"${PODS_PODFILE_DIR_PATH}/Podfile.lock",
				"${PODS_ROOT}/Manifest.lock",
			);
			name = "[CP] Check Pods Manifest.lock";
			outputFileListPaths = (
			);
			outputPaths = (
				"$(DERIVED_FILE_DIR)/Pods-9th_muyaho_iOS-9th_muyaho_iOSUITests-checkManifestLockResult.txt",
			);
			runOnlyForDeploymentPostprocessing = 0;
			shellPath = /bin/sh;
			shellScript = "diff \"${PODS_PODFILE_DIR_PATH}/Podfile.lock\" \"${PODS_ROOT}/Manifest.lock\" > /dev/null\nif [ $? != 0 ] ; then\n    # print error to STDERR\n    echo \"error: The sandbox is not in sync with the Podfile.lock. Run 'pod install' or update your CocoaPods installation.\" >&2\n    exit 1\nfi\n# This output is used by Xcode 'outputs' to avoid re-running this script phase.\necho \"SUCCESS\" > \"${SCRIPT_OUTPUT_FILE_0}\"\n";
			showEnvVarsInLog = 0;
		};
		E0647E4BD103CF6BEC879EA5 /* [CP] Check Pods Manifest.lock */ = {
			isa = PBXShellScriptBuildPhase;
			buildActionMask = 2147483647;
			files = (
			);
			inputFileListPaths = (
			);
			inputPaths = (
				"${PODS_PODFILE_DIR_PATH}/Podfile.lock",
				"${PODS_ROOT}/Manifest.lock",
			);
			name = "[CP] Check Pods Manifest.lock";
			outputFileListPaths = (
			);
			outputPaths = (
				"$(DERIVED_FILE_DIR)/Pods-9th_muyaho_iOS-checkManifestLockResult.txt",
			);
			runOnlyForDeploymentPostprocessing = 0;
			shellPath = /bin/sh;
			shellScript = "diff \"${PODS_PODFILE_DIR_PATH}/Podfile.lock\" \"${PODS_ROOT}/Manifest.lock\" > /dev/null\nif [ $? != 0 ] ; then\n    # print error to STDERR\n    echo \"error: The sandbox is not in sync with the Podfile.lock. Run 'pod install' or update your CocoaPods installation.\" >&2\n    exit 1\nfi\n# This output is used by Xcode 'outputs' to avoid re-running this script phase.\necho \"SUCCESS\" > \"${SCRIPT_OUTPUT_FILE_0}\"\n";
			showEnvVarsInLog = 0;
		};
/* End PBXShellScriptBuildPhase section */

/* Begin PBXSourcesBuildPhase section */
		A5754B432625B6C200B6E8A1 /* Sources */ = {
			isa = PBXSourcesBuildPhase;
			buildActionMask = 2147483647;
			files = (
				A5754B4B2625B6C200B6E8A1 /* AppDelegate.swift in Sources */,
				6EABBAD1263A95DE00ACC332 /* CommonError.swift in Sources */,
				6E40DDFC263448060003E4AD /* UIImageExtensions.swift in Sources */,
				6E6E6DF92639B1320061AB4A /* AppleSignInManager.swift in Sources */,
				6E817597263835390050FFC7 /* UIFontExtensions.swift in Sources */,
				6EABBAD5263AC73800ACC332 /* SignInManagerProtocol.swift in Sources */,
				6EABBACF263A954100ACC332 /* SocialType.swift in Sources */,
				A5754BAF2625BC6B00B6E8A1 /* BaseView.swift in Sources */,
				6E81759526382B680050FFC7 /* UIColorExtensions.swift in Sources */,
				A5754BA62625BBD100B6E8A1 /* MainTabBerController.swift in Sources */,
				6E4FE4A42638655B00103948 /* SignInReactor.swift in Sources */,
				A5754BBC2625BE4B00B6E8A1 /* BaseTableViewCell.swift in Sources */,
				A5754B4D2625B6C200B6E8A1 /* SceneDelegate.swift in Sources */,
				6E4FE4A22638625B00103948 /* SignInViewController.swift in Sources */,
				6E7ED81F26385FD400DC0C10 /* SignInView.swift in Sources */,
				6E801CC9262C1C6E0081E68A /* HomeView.swift in Sources */,
				6E801CDF262C22240081E68A /* HomeReactor.swift in Sources */,
				6E6E6DF72639AFF70061AB4A /* KakaoSignInManager.swift in Sources */,
				6E801CC4262C1C2E0081E68A /* HomeViewController.swift in Sources */,
				6E801CD2262C1D810081E68A /* UIViewExtensions.swift in Sources */,
				6EABBAE0263AD2DE00ACC332 /* StringExtensions.swift in Sources */,
				A5754BB72625BD8900B6E8A1 /* BaseViewController.swift in Sources */,
				6EABBACD263A950500ACC332 /* AccessToken.swift in Sources */,
			);
			runOnlyForDeploymentPostprocessing = 0;
		};
		A5754B592625B6C500B6E8A1 /* Sources */ = {
			isa = PBXSourcesBuildPhase;
			buildActionMask = 2147483647;
			files = (
				A5754B622625B6C500B6E8A1 /* _th_muyaho_iOSTests.swift in Sources */,
			);
			runOnlyForDeploymentPostprocessing = 0;
		};
		A5754B642625B6C500B6E8A1 /* Sources */ = {
			isa = PBXSourcesBuildPhase;
			buildActionMask = 2147483647;
			files = (
				A5754B6D2625B6C500B6E8A1 /* _th_muyaho_iOSUITests.swift in Sources */,
			);
			runOnlyForDeploymentPostprocessing = 0;
		};
/* End PBXSourcesBuildPhase section */

/* Begin PBXTargetDependency section */
		A5754B5F2625B6C500B6E8A1 /* PBXTargetDependency */ = {
			isa = PBXTargetDependency;
			target = A5754B462625B6C200B6E8A1 /* 9th_muyaho_iOS */;
			targetProxy = A5754B5E2625B6C500B6E8A1 /* PBXContainerItemProxy */;
		};
		A5754B6A2625B6C500B6E8A1 /* PBXTargetDependency */ = {
			isa = PBXTargetDependency;
			target = A5754B462625B6C200B6E8A1 /* 9th_muyaho_iOS */;
			targetProxy = A5754B692625B6C500B6E8A1 /* PBXContainerItemProxy */;
		};
/* End PBXTargetDependency section */

/* Begin PBXVariantGroup section */
		6EABBADE263AD2C900ACC332 /* Localization.strings */ = {
			isa = PBXVariantGroup;
			children = (
				6EABBADD263AD2C900ACC332 /* en */,
			);
			name = Localization.strings;
			sourceTree = "<group>";
		};
		A5754B552625B6C400B6E8A1 /* LaunchScreen.storyboard */ = {
			isa = PBXVariantGroup;
			children = (
				A5754B562625B6C400B6E8A1 /* Base */,
			);
			name = LaunchScreen.storyboard;
			sourceTree = "<group>";
		};
/* End PBXVariantGroup section */

/* Begin XCBuildConfiguration section */
		A5754B6F2625B6C500B6E8A1 /* Debug */ = {
			isa = XCBuildConfiguration;
			buildSettings = {
				ALWAYS_SEARCH_USER_PATHS = NO;
				CLANG_ANALYZER_NONNULL = YES;
				CLANG_ANALYZER_NUMBER_OBJECT_CONVERSION = YES_AGGRESSIVE;
				CLANG_CXX_LANGUAGE_STANDARD = "gnu++14";
				CLANG_CXX_LIBRARY = "libc++";
				CLANG_ENABLE_MODULES = YES;
				CLANG_ENABLE_OBJC_ARC = YES;
				CLANG_ENABLE_OBJC_WEAK = YES;
				CLANG_WARN_BLOCK_CAPTURE_AUTORELEASING = YES;
				CLANG_WARN_BOOL_CONVERSION = YES;
				CLANG_WARN_COMMA = YES;
				CLANG_WARN_CONSTANT_CONVERSION = YES;
				CLANG_WARN_DEPRECATED_OBJC_IMPLEMENTATIONS = YES;
				CLANG_WARN_DIRECT_OBJC_ISA_USAGE = YES_ERROR;
				CLANG_WARN_DOCUMENTATION_COMMENTS = YES;
				CLANG_WARN_EMPTY_BODY = YES;
				CLANG_WARN_ENUM_CONVERSION = YES;
				CLANG_WARN_INFINITE_RECURSION = YES;
				CLANG_WARN_INT_CONVERSION = YES;
				CLANG_WARN_NON_LITERAL_NULL_CONVERSION = YES;
				CLANG_WARN_OBJC_IMPLICIT_RETAIN_SELF = YES;
				CLANG_WARN_OBJC_LITERAL_CONVERSION = YES;
				CLANG_WARN_OBJC_ROOT_CLASS = YES_ERROR;
				CLANG_WARN_QUOTED_INCLUDE_IN_FRAMEWORK_HEADER = YES;
				CLANG_WARN_RANGE_LOOP_ANALYSIS = YES;
				CLANG_WARN_STRICT_PROTOTYPES = YES;
				CLANG_WARN_SUSPICIOUS_MOVE = YES;
				CLANG_WARN_UNGUARDED_AVAILABILITY = YES_AGGRESSIVE;
				CLANG_WARN_UNREACHABLE_CODE = YES;
				CLANG_WARN__DUPLICATE_METHOD_MATCH = YES;
				COPY_PHASE_STRIP = NO;
				DEBUG_INFORMATION_FORMAT = dwarf;
				ENABLE_STRICT_OBJC_MSGSEND = YES;
				ENABLE_TESTABILITY = YES;
				GCC_C_LANGUAGE_STANDARD = gnu11;
				GCC_DYNAMIC_NO_PIC = NO;
				GCC_NO_COMMON_BLOCKS = YES;
				GCC_OPTIMIZATION_LEVEL = 0;
				GCC_PREPROCESSOR_DEFINITIONS = (
					"DEBUG=1",
					"$(inherited)",
				);
				GCC_WARN_64_TO_32_BIT_CONVERSION = YES;
				GCC_WARN_ABOUT_RETURN_TYPE = YES_ERROR;
				GCC_WARN_UNDECLARED_SELECTOR = YES;
				GCC_WARN_UNINITIALIZED_AUTOS = YES_AGGRESSIVE;
				GCC_WARN_UNUSED_FUNCTION = YES;
				GCC_WARN_UNUSED_VARIABLE = YES;
				IPHONEOS_DEPLOYMENT_TARGET = 14.4;
				MTL_ENABLE_DEBUG_INFO = INCLUDE_SOURCE;
				MTL_FAST_MATH = YES;
				ONLY_ACTIVE_ARCH = YES;
				SDKROOT = iphoneos;
				SWIFT_ACTIVE_COMPILATION_CONDITIONS = DEBUG;
				SWIFT_OPTIMIZATION_LEVEL = "-Onone";
			};
			name = Debug;
		};
		A5754B702625B6C500B6E8A1 /* Release */ = {
			isa = XCBuildConfiguration;
			buildSettings = {
				ALWAYS_SEARCH_USER_PATHS = NO;
				CLANG_ANALYZER_NONNULL = YES;
				CLANG_ANALYZER_NUMBER_OBJECT_CONVERSION = YES_AGGRESSIVE;
				CLANG_CXX_LANGUAGE_STANDARD = "gnu++14";
				CLANG_CXX_LIBRARY = "libc++";
				CLANG_ENABLE_MODULES = YES;
				CLANG_ENABLE_OBJC_ARC = YES;
				CLANG_ENABLE_OBJC_WEAK = YES;
				CLANG_WARN_BLOCK_CAPTURE_AUTORELEASING = YES;
				CLANG_WARN_BOOL_CONVERSION = YES;
				CLANG_WARN_COMMA = YES;
				CLANG_WARN_CONSTANT_CONVERSION = YES;
				CLANG_WARN_DEPRECATED_OBJC_IMPLEMENTATIONS = YES;
				CLANG_WARN_DIRECT_OBJC_ISA_USAGE = YES_ERROR;
				CLANG_WARN_DOCUMENTATION_COMMENTS = YES;
				CLANG_WARN_EMPTY_BODY = YES;
				CLANG_WARN_ENUM_CONVERSION = YES;
				CLANG_WARN_INFINITE_RECURSION = YES;
				CLANG_WARN_INT_CONVERSION = YES;
				CLANG_WARN_NON_LITERAL_NULL_CONVERSION = YES;
				CLANG_WARN_OBJC_IMPLICIT_RETAIN_SELF = YES;
				CLANG_WARN_OBJC_LITERAL_CONVERSION = YES;
				CLANG_WARN_OBJC_ROOT_CLASS = YES_ERROR;
				CLANG_WARN_QUOTED_INCLUDE_IN_FRAMEWORK_HEADER = YES;
				CLANG_WARN_RANGE_LOOP_ANALYSIS = YES;
				CLANG_WARN_STRICT_PROTOTYPES = YES;
				CLANG_WARN_SUSPICIOUS_MOVE = YES;
				CLANG_WARN_UNGUARDED_AVAILABILITY = YES_AGGRESSIVE;
				CLANG_WARN_UNREACHABLE_CODE = YES;
				CLANG_WARN__DUPLICATE_METHOD_MATCH = YES;
				COPY_PHASE_STRIP = NO;
				DEBUG_INFORMATION_FORMAT = "dwarf-with-dsym";
				ENABLE_NS_ASSERTIONS = NO;
				ENABLE_STRICT_OBJC_MSGSEND = YES;
				GCC_C_LANGUAGE_STANDARD = gnu11;
				GCC_NO_COMMON_BLOCKS = YES;
				GCC_WARN_64_TO_32_BIT_CONVERSION = YES;
				GCC_WARN_ABOUT_RETURN_TYPE = YES_ERROR;
				GCC_WARN_UNDECLARED_SELECTOR = YES;
				GCC_WARN_UNINITIALIZED_AUTOS = YES_AGGRESSIVE;
				GCC_WARN_UNUSED_FUNCTION = YES;
				GCC_WARN_UNUSED_VARIABLE = YES;
				IPHONEOS_DEPLOYMENT_TARGET = 14.4;
				MTL_ENABLE_DEBUG_INFO = NO;
				MTL_FAST_MATH = YES;
				SDKROOT = iphoneos;
				SWIFT_COMPILATION_MODE = wholemodule;
				SWIFT_OPTIMIZATION_LEVEL = "-O";
				VALIDATE_PRODUCT = YES;
			};
			name = Release;
		};
		A5754B722625B6C500B6E8A1 /* Debug */ = {
			isa = XCBuildConfiguration;
			baseConfigurationReference = 4FDA26644E22F62978D83FBA /* Pods-9th_muyaho_iOS.debug.xcconfig */;
			buildSettings = {
				ASSETCATALOG_COMPILER_APPICON_NAME = AppIcon;
				ASSETCATALOG_COMPILER_GLOBAL_ACCENT_COLOR_NAME = AccentColor;
				CODE_SIGN_ENTITLEMENTS = 9th_muyaho_iOS/9th_muyaho_iOS.entitlements;
				CODE_SIGN_IDENTITY = "Apple Development";
				CODE_SIGN_STYLE = Automatic;
				DEVELOPMENT_TEAM = X975A2HM62;
				INFOPLIST_FILE = 9th_muyaho_iOS/Info.plist;
				KAKAO_APP_KEY = 9d9d22a2c398477b218d7e70d58e04c5;
				LD_RUNPATH_SEARCH_PATHS = (
					"$(inherited)",
					"@executable_path/Frameworks",
				);
				PRODUCT_BUNDLE_IDENTIFIER = "com.depromeet.muyaho.-th-muyaho-iOS";
				PRODUCT_NAME = "$(TARGET_NAME)";
				PROVISIONING_PROFILE_SPECIFIER = "";
				SWIFT_VERSION = 5.0;
				TARGETED_DEVICE_FAMILY = "1,2";
			};
			name = Debug;
		};
		A5754B732625B6C500B6E8A1 /* Release */ = {
			isa = XCBuildConfiguration;
			baseConfigurationReference = A57283C4AA526D18F7C7023E /* Pods-9th_muyaho_iOS.release.xcconfig */;
			buildSettings = {
				ASSETCATALOG_COMPILER_APPICON_NAME = AppIcon;
				ASSETCATALOG_COMPILER_GLOBAL_ACCENT_COLOR_NAME = AccentColor;
				CODE_SIGN_ENTITLEMENTS = 9th_muyaho_iOS/9th_muyaho_iOS.entitlements;
				CODE_SIGN_IDENTITY = "Apple Development";
				CODE_SIGN_STYLE = Automatic;
				DEVELOPMENT_TEAM = X975A2HM62;
				INFOPLIST_FILE = 9th_muyaho_iOS/Info.plist;
				KAKAO_APP_KEY = 9d9d22a2c398477b218d7e70d58e04c5;
				LD_RUNPATH_SEARCH_PATHS = (
					"$(inherited)",
					"@executable_path/Frameworks",
				);
				PRODUCT_BUNDLE_IDENTIFIER = "com.depromeet.muyaho.-th-muyaho-iOS";
				PRODUCT_NAME = "$(TARGET_NAME)";
				PROVISIONING_PROFILE_SPECIFIER = "";
				SWIFT_VERSION = 5.0;
				TARGETED_DEVICE_FAMILY = "1,2";
			};
			name = Release;
		};
		A5754B752625B6C500B6E8A1 /* Debug */ = {
			isa = XCBuildConfiguration;
			baseConfigurationReference = 4EA2ABCB9DE75C662E452F1D /* Pods-9th_muyaho_iOSTests.debug.xcconfig */;
			buildSettings = {
				ALWAYS_EMBED_SWIFT_STANDARD_LIBRARIES = YES;
				BUNDLE_LOADER = "$(TEST_HOST)";
				CODE_SIGN_STYLE = Automatic;
				DEVELOPMENT_TEAM = QGAQ3AY3R3;
				INFOPLIST_FILE = 9th_muyaho_iOSTests/Info.plist;
				IPHONEOS_DEPLOYMENT_TARGET = 14.4;
				LD_RUNPATH_SEARCH_PATHS = (
					"$(inherited)",
					"@executable_path/Frameworks",
					"@loader_path/Frameworks",
				);
				PRODUCT_BUNDLE_IDENTIFIER = "com.depromeet.muyaho.-th-muyaho-iOSTests";
				PRODUCT_NAME = "$(TARGET_NAME)";
				SWIFT_VERSION = 5.0;
				TARGETED_DEVICE_FAMILY = "1,2";
				TEST_HOST = "$(BUILT_PRODUCTS_DIR)/9th_muyaho_iOS.app/9th_muyaho_iOS";
			};
			name = Debug;
		};
		A5754B762625B6C500B6E8A1 /* Release */ = {
			isa = XCBuildConfiguration;
			baseConfigurationReference = 78331A75FFCFDE917BECB028 /* Pods-9th_muyaho_iOSTests.release.xcconfig */;
			buildSettings = {
				ALWAYS_EMBED_SWIFT_STANDARD_LIBRARIES = YES;
				BUNDLE_LOADER = "$(TEST_HOST)";
				CODE_SIGN_STYLE = Automatic;
				DEVELOPMENT_TEAM = QGAQ3AY3R3;
				INFOPLIST_FILE = 9th_muyaho_iOSTests/Info.plist;
				IPHONEOS_DEPLOYMENT_TARGET = 14.4;
				LD_RUNPATH_SEARCH_PATHS = (
					"$(inherited)",
					"@executable_path/Frameworks",
					"@loader_path/Frameworks",
				);
				PRODUCT_BUNDLE_IDENTIFIER = "com.depromeet.muyaho.-th-muyaho-iOSTests";
				PRODUCT_NAME = "$(TARGET_NAME)";
				SWIFT_VERSION = 5.0;
				TARGETED_DEVICE_FAMILY = "1,2";
				TEST_HOST = "$(BUILT_PRODUCTS_DIR)/9th_muyaho_iOS.app/9th_muyaho_iOS";
			};
			name = Release;
		};
		A5754B782625B6C500B6E8A1 /* Debug */ = {
			isa = XCBuildConfiguration;
			baseConfigurationReference = EDE242BEDD8AE9165558401E /* Pods-9th_muyaho_iOS-9th_muyaho_iOSUITests.debug.xcconfig */;
			buildSettings = {
				ALWAYS_EMBED_SWIFT_STANDARD_LIBRARIES = YES;
				CODE_SIGN_STYLE = Automatic;
				DEVELOPMENT_TEAM = QGAQ3AY3R3;
				INFOPLIST_FILE = 9th_muyaho_iOSUITests/Info.plist;
				LD_RUNPATH_SEARCH_PATHS = (
					"$(inherited)",
					"@executable_path/Frameworks",
					"@loader_path/Frameworks",
				);
				PRODUCT_BUNDLE_IDENTIFIER = "com.depromeet.muyaho.-th-muyaho-iOSUITests";
				PRODUCT_NAME = "$(TARGET_NAME)";
				SWIFT_VERSION = 5.0;
				TARGETED_DEVICE_FAMILY = "1,2";
				TEST_TARGET_NAME = 9th_muyaho_iOS;
			};
			name = Debug;
		};
		A5754B792625B6C500B6E8A1 /* Release */ = {
			isa = XCBuildConfiguration;
			baseConfigurationReference = 8A5B3A6B5E869E13AFFE890C /* Pods-9th_muyaho_iOS-9th_muyaho_iOSUITests.release.xcconfig */;
			buildSettings = {
				ALWAYS_EMBED_SWIFT_STANDARD_LIBRARIES = YES;
				CODE_SIGN_STYLE = Automatic;
				DEVELOPMENT_TEAM = QGAQ3AY3R3;
				INFOPLIST_FILE = 9th_muyaho_iOSUITests/Info.plist;
				LD_RUNPATH_SEARCH_PATHS = (
					"$(inherited)",
					"@executable_path/Frameworks",
					"@loader_path/Frameworks",
				);
				PRODUCT_BUNDLE_IDENTIFIER = "com.depromeet.muyaho.-th-muyaho-iOSUITests";
				PRODUCT_NAME = "$(TARGET_NAME)";
				SWIFT_VERSION = 5.0;
				TARGETED_DEVICE_FAMILY = "1,2";
				TEST_TARGET_NAME = 9th_muyaho_iOS;
			};
			name = Release;
		};
/* End XCBuildConfiguration section */

/* Begin XCConfigurationList section */
		A5754B422625B6C200B6E8A1 /* Build configuration list for PBXProject "9th_muyaho_iOS" */ = {
			isa = XCConfigurationList;
			buildConfigurations = (
				A5754B6F2625B6C500B6E8A1 /* Debug */,
				A5754B702625B6C500B6E8A1 /* Release */,
			);
			defaultConfigurationIsVisible = 0;
			defaultConfigurationName = Release;
		};
		A5754B712625B6C500B6E8A1 /* Build configuration list for PBXNativeTarget "9th_muyaho_iOS" */ = {
			isa = XCConfigurationList;
			buildConfigurations = (
				A5754B722625B6C500B6E8A1 /* Debug */,
				A5754B732625B6C500B6E8A1 /* Release */,
			);
			defaultConfigurationIsVisible = 0;
			defaultConfigurationName = Release;
		};
		A5754B742625B6C500B6E8A1 /* Build configuration list for PBXNativeTarget "9th_muyaho_iOSTests" */ = {
			isa = XCConfigurationList;
			buildConfigurations = (
				A5754B752625B6C500B6E8A1 /* Debug */,
				A5754B762625B6C500B6E8A1 /* Release */,
			);
			defaultConfigurationIsVisible = 0;
			defaultConfigurationName = Release;
		};
		A5754B772625B6C500B6E8A1 /* Build configuration list for PBXNativeTarget "9th_muyaho_iOSUITests" */ = {
			isa = XCConfigurationList;
			buildConfigurations = (
				A5754B782625B6C500B6E8A1 /* Debug */,
				A5754B792625B6C500B6E8A1 /* Release */,
			);
			defaultConfigurationIsVisible = 0;
			defaultConfigurationName = Release;
		};
/* End XCConfigurationList section */
	};
	rootObject = A5754B3F2625B6C200B6E8A1 /* Project object */;
}
