// !$*UTF8*$!
{
	archiveVersion = 1;
	classes = {
	};
	objectVersion = 51;
	objects = {

/* Begin PBXBuildFile section */
		201094345947E3C0EB6BD6A3 /* Pods_9th_muyaho_iOS_9th_muyaho_iOSUITests.framework in Frameworks */ = {isa = PBXBuildFile; fileRef = 142F235D39B5272294793A7A /* Pods_9th_muyaho_iOS_9th_muyaho_iOSUITests.framework */; };
		6E166309263D2D1400A35C9F /* HTTPUtils.swift in Sources */ = {isa = PBXBuildFile; fileRef = 6E166308263D2D1400A35C9F /* HTTPUtils.swift */; };
		6E16630E263D2D8400A35C9F /* MembershipServices.swift in Sources */ = {isa = PBXBuildFile; fileRef = 6E16630D263D2D8400A35C9F /* MembershipServices.swift */; };
		6E166316263D306600A35C9F /* ResponseContainer.swift in Sources */ = {isa = PBXBuildFile; fileRef = 6E166315263D306600A35C9F /* ResponseContainer.swift */; };
		6E16631B263D30B600A35C9F /* AuthResponse.swift in Sources */ = {isa = PBXBuildFile; fileRef = 6E16631A263D30B600A35C9F /* AuthResponse.swift */; };
		6E166320263D34FA00A35C9F /* JsonUtils.swift in Sources */ = {isa = PBXBuildFile; fileRef = 6E16631F263D34FA00A35C9F /* JsonUtils.swift */; };
		6E16632B263D3CC200A35C9F /* APIResult.swift in Sources */ = {isa = PBXBuildFile; fileRef = 6E16632A263D3CC200A35C9F /* APIResult.swift */; };
		6E2538722656941E00439E8E /* WriteNewStockTypeViewController.swift in Sources */ = {isa = PBXBuildFile; fileRef = 6E2538712656941E00439E8E /* WriteNewStockTypeViewController.swift */; };
		6E2538752656964C00439E8E /* StockTypeButton.swift in Sources */ = {isa = PBXBuildFile; fileRef = 6E2538742656964C00439E8E /* StockTypeButton.swift */; };
		6E2538772656980F00439E8E /* StockTypeRadioGroupView.swift in Sources */ = {isa = PBXBuildFile; fileRef = 6E2538762656980F00439E8E /* StockTypeRadioGroupView.swift */; };
		6E25387926569A5700439E8E /* StockType.swift in Sources */ = {isa = PBXBuildFile; fileRef = 6E25387826569A5700439E8E /* StockType.swift */; };
		6E25387B2656A3A100439E8E /* StockSearchButton.swift in Sources */ = {isa = PBXBuildFile; fileRef = 6E25387A2656A3A100439E8E /* StockSearchButton.swift */; };
		6E2B9C862661EF1400734784 /* DeletableInputField.swift in Sources */ = {isa = PBXBuildFile; fileRef = 6E2B9C852661EF1400734784 /* DeletableInputField.swift */; };
		6E2F82B7264CD48300539D8A /* HomeInvestByCategoryView.swift in Sources */ = {isa = PBXBuildFile; fileRef = 6E2F82B6264CD48300539D8A /* HomeInvestByCategoryView.swift */; };
		6E2F82B9264CD63700539D8A /* InvestByCategoryButton.swift in Sources */ = {isa = PBXBuildFile; fileRef = 6E2F82B8264CD63700539D8A /* InvestByCategoryButton.swift */; };
		6E3692F82663908C009A83DF /* StockInfo.swift in Sources */ = {isa = PBXBuildFile; fileRef = 6E3692F72663908C009A83DF /* StockInfo.swift */; };
		6E3692FA266390C2009A83DF /* CurrencyType.swift in Sources */ = {isa = PBXBuildFile; fileRef = 6E3692F9266390C2009A83DF /* CurrencyType.swift */; };
		6E3692FC26639BB6009A83DF /* WriteStockReqeust.swift in Sources */ = {isa = PBXBuildFile; fileRef = 6E3692FB26639BB6009A83DF /* WriteStockReqeust.swift */; };
		6E40DDFC263448060003E4AD /* UIImageExtensions.swift in Sources */ = {isa = PBXBuildFile; fileRef = 6E40DDFB263448060003E4AD /* UIImageExtensions.swift */; };
		6E45387C26550966000CFC0F /* WriteMenuView.swift in Sources */ = {isa = PBXBuildFile; fileRef = 6E45387B26550966000CFC0F /* WriteMenuView.swift */; };
		6E45387E26550D16000CFC0F /* WriteMenuViewController.swift in Sources */ = {isa = PBXBuildFile; fileRef = 6E45387D26550D16000CFC0F /* WriteMenuViewController.swift */; };
		6E45388226551A42000CFC0F /* WriteNewStockTypeView.swift in Sources */ = {isa = PBXBuildFile; fileRef = 6E45388126551A42000CFC0F /* WriteNewStockTypeView.swift */; };
		6E475842264D566F003E16C5 /* DashBoardView.swift in Sources */ = {isa = PBXBuildFile; fileRef = 6E475841264D566F003E16C5 /* DashBoardView.swift */; };
		6E48045B2665151B00BF5E44 /* DetailAlertView.swift in Sources */ = {isa = PBXBuildFile; fileRef = 6E48045A2665151B00BF5E44 /* DetailAlertView.swift */; };
		6E48045D2665208100BF5E44 /* DetailAlertViewController.swift in Sources */ = {isa = PBXBuildFile; fileRef = 6E48045C2665208100BF5E44 /* DetailAlertViewController.swift */; };
		6E4F5D962657E7780061A13C /* SearchStockView.swift in Sources */ = {isa = PBXBuildFile; fileRef = 6E4F5D952657E7780061A13C /* SearchStockView.swift */; };
		6E4F5D992657E8400061A13C /* SearchStockField.swift in Sources */ = {isa = PBXBuildFile; fileRef = 6E4F5D982657E8400061A13C /* SearchStockField.swift */; };
		6E4F5D9B2657EB6C0061A13C /* SearchStockViewController.swift in Sources */ = {isa = PBXBuildFile; fileRef = 6E4F5D9A2657EB6C0061A13C /* SearchStockViewController.swift */; };
		6E4F5D9D2657F66A0061A13C /* SearchStockTransition.swift in Sources */ = {isa = PBXBuildFile; fileRef = 6E4F5D9C2657F66A0061A13C /* SearchStockTransition.swift */; };
		6E4FE4A22638625B00103948 /* SignInViewController.swift in Sources */ = {isa = PBXBuildFile; fileRef = 6E4FE4A12638625B00103948 /* SignInViewController.swift */; };
		6E4FE4A42638655B00103948 /* SignInReactor.swift in Sources */ = {isa = PBXBuildFile; fileRef = 6E4FE4A32638655B00103948 /* SignInReactor.swift */; };
		6E540A3E263BBF8E00AAD4B0 /* LargeButton.swift in Sources */ = {isa = PBXBuildFile; fileRef = 6E540A3D263BBF8E00AAD4B0 /* LargeButton.swift */; };
		6E5A3A23263D9B2700B46EAF /* HTTPURLResponseExtensions.swift in Sources */ = {isa = PBXBuildFile; fileRef = 6E5A3A22263D9B2700B46EAF /* HTTPURLResponseExtensions.swift */; };
		6E5A3A25263D9C7C00B46EAF /* ObservableExtensions.swift in Sources */ = {isa = PBXBuildFile; fileRef = 6E5A3A24263D9C7C00B46EAF /* ObservableExtensions.swift */; };
		6E5A3A27263DA1E700B46EAF /* NetworkActivityLogger.swift in Sources */ = {isa = PBXBuildFile; fileRef = 6E5A3A26263DA1E700B46EAF /* NetworkActivityLogger.swift */; };
		6E5DECFC26423D080005487F /* AlertUtils.swift in Sources */ = {isa = PBXBuildFile; fileRef = 6E5DECFB26423D080005487F /* AlertUtils.swift */; };
		6E6E6DF72639AFF70061AB4A /* KakaoSignInManager.swift in Sources */ = {isa = PBXBuildFile; fileRef = 6E6E6DF62639AFF70061AB4A /* KakaoSignInManager.swift */; };
		6E6E6DF92639B1320061AB4A /* AppleSignInManager.swift in Sources */ = {isa = PBXBuildFile; fileRef = 6E6E6DF82639B1320061AB4A /* AppleSignInManager.swift */; };
		6E744C5E2641546C00AB9054 /* UserDefaultsUtils.swift in Sources */ = {isa = PBXBuildFile; fileRef = 6E744C5D2641546C00AB9054 /* UserDefaultsUtils.swift */; };
		6E744C6026416FA600AB9054 /* BaseReactorProtocol.swift in Sources */ = {isa = PBXBuildFile; fileRef = 6E744C5F26416FA600AB9054 /* BaseReactorProtocol.swift */; };
		6E7ED81F26385FD400DC0C10 /* SignInView.swift in Sources */ = {isa = PBXBuildFile; fileRef = 6E7ED81E26385FD400DC0C10 /* SignInView.swift */; };
		6E801CC4262C1C2E0081E68A /* HomeViewController.swift in Sources */ = {isa = PBXBuildFile; fileRef = 6E801CC3262C1C2E0081E68A /* HomeViewController.swift */; };
		6E801CC9262C1C6E0081E68A /* HomeView.swift in Sources */ = {isa = PBXBuildFile; fileRef = 6E801CC8262C1C6E0081E68A /* HomeView.swift */; };
		6E801CD2262C1D810081E68A /* UIViewExtensions.swift in Sources */ = {isa = PBXBuildFile; fileRef = 6E801CD1262C1D810081E68A /* UIViewExtensions.swift */; };
		6E801CDF262C22240081E68A /* HomeReactor.swift in Sources */ = {isa = PBXBuildFile; fileRef = 6E801CDE262C22240081E68A /* HomeReactor.swift */; };
		6E81759526382B680050FFC7 /* UIColorExtensions.swift in Sources */ = {isa = PBXBuildFile; fileRef = 6E81759426382B680050FFC7 /* UIColorExtensions.swift */; };
		6E817597263835390050FFC7 /* UIFontExtensions.swift in Sources */ = {isa = PBXBuildFile; fileRef = 6E817596263835390050FFC7 /* UIFontExtensions.swift */; };
		6E81759B263837330050FFC7 /* SpoqaHanSansNeo-Bold.ttf in Resources */ = {isa = PBXBuildFile; fileRef = 6E81759A263837330050FFC7 /* SpoqaHanSansNeo-Bold.ttf */; };
		6E81759D263837AD0050FFC7 /* SpoqaHanSansNeo-Light.ttf in Resources */ = {isa = PBXBuildFile; fileRef = 6E81759C263837AD0050FFC7 /* SpoqaHanSansNeo-Light.ttf */; };
		6E81759F263838140050FFC7 /* SpoqaHanSansNeo-Medium.ttf in Resources */ = {isa = PBXBuildFile; fileRef = 6E81759E263838140050FFC7 /* SpoqaHanSansNeo-Medium.ttf */; };
		6E8175A1263838910050FFC7 /* SpoqaHanSansNeo-Regular.ttf in Resources */ = {isa = PBXBuildFile; fileRef = 6E8175A0263838910050FFC7 /* SpoqaHanSansNeo-Regular.ttf */; };
		6E9429EF26403BC2005AAC78 /* HTTPError.swift in Sources */ = {isa = PBXBuildFile; fileRef = 6E9429EE26403BC2005AAC78 /* HTTPError.swift */; };
		6EABBACD263A950500ACC332 /* AuthRequest.swift in Sources */ = {isa = PBXBuildFile; fileRef = 6EABBACC263A950500ACC332 /* AuthRequest.swift */; };
		6EABBACF263A954100ACC332 /* SocialType.swift in Sources */ = {isa = PBXBuildFile; fileRef = 6EABBACE263A954100ACC332 /* SocialType.swift */; };
		6EABBAD1263A95DE00ACC332 /* CommonError.swift in Sources */ = {isa = PBXBuildFile; fileRef = 6EABBAD0263A95DE00ACC332 /* CommonError.swift */; };
		6EABBAD5263AC73800ACC332 /* SignInManagerProtocol.swift in Sources */ = {isa = PBXBuildFile; fileRef = 6EABBAD4263AC73800ACC332 /* SignInManagerProtocol.swift */; };
		6EABBADC263AD2C900ACC332 /* Localization.strings in Resources */ = {isa = PBXBuildFile; fileRef = 6EABBADE263AD2C900ACC332 /* Localization.strings */; };
		6EABBAE0263AD2DE00ACC332 /* StringExtensions.swift in Sources */ = {isa = PBXBuildFile; fileRef = 6EABBADF263AD2DE00ACC332 /* StringExtensions.swift */; };
		6EABBAE4263AF5B500ACC332 /* SignUpView.swift in Sources */ = {isa = PBXBuildFile; fileRef = 6EABBAE3263AF5B500ACC332 /* SignUpView.swift */; };
		6EABBAE6263AFED300ACC332 /* SignUpViewController.swift in Sources */ = {isa = PBXBuildFile; fileRef = 6EABBAE5263AFED300ACC332 /* SignUpViewController.swift */; };
		6EC14AEB2662637E0054A1CD /* DomesticDetailReactor.swift in Sources */ = {isa = PBXBuildFile; fileRef = 6EC14AEA2662637E0054A1CD /* DomesticDetailReactor.swift */; };
		6ED56BA82661C8080057A90F /* DomesticDetailView.swift in Sources */ = {isa = PBXBuildFile; fileRef = 6ED56BA72661C8080057A90F /* DomesticDetailView.swift */; };
		6ED56BAA2661C9670057A90F /* DomesticDetailViewController.swift in Sources */ = {isa = PBXBuildFile; fileRef = 6ED56BA92661C9670057A90F /* DomesticDetailViewController.swift */; };
		6ED95A86264ACCAA00853CA3 /* HomeOverview.swift in Sources */ = {isa = PBXBuildFile; fileRef = 6ED95A85264ACCAA00853CA3 /* HomeOverview.swift */; };
		6ED95A88264AD57A00853CA3 /* YoungchanView.swift in Sources */ = {isa = PBXBuildFile; fileRef = 6ED95A87264AD57A00853CA3 /* YoungchanView.swift */; };
		6EDADCB7264C1FF000D6D356 /* PaddingLabel.swift in Sources */ = {isa = PBXBuildFile; fileRef = 6EDADCB6264C1FF000D6D356 /* PaddingLabel.swift */; };
		6EDADCB9264C2B9A00D6D356 /* EmptyOverviewButton.swift in Sources */ = {isa = PBXBuildFile; fileRef = 6EDADCB8264C2B9A00D6D356 /* EmptyOverviewButton.swift */; };
		6EE19C07265A37730023B0F5 /* SearchHistoryTableView.swift in Sources */ = {isa = PBXBuildFile; fileRef = 6EE19C06265A37730023B0F5 /* SearchHistoryTableView.swift */; };
		6EE19C09265A3E420023B0F5 /* SearchCell.swift in Sources */ = {isa = PBXBuildFile; fileRef = 6EE19C08265A3E420023B0F5 /* SearchCell.swift */; };
		6EE19C0B265A4F9D0023B0F5 /* SearchStockReactor.swift in Sources */ = {isa = PBXBuildFile; fileRef = 6EE19C0A265A4F9D0023B0F5 /* SearchStockReactor.swift */; };
		6EE19C0D265A504D0023B0F5 /* StockServices.swift in Sources */ = {isa = PBXBuildFile; fileRef = 6EE19C0C265A504D0023B0F5 /* StockServices.swift */; };
		6EE19C0F265A50A30023B0F5 /* Stock.swift in Sources */ = {isa = PBXBuildFile; fileRef = 6EE19C0E265A50A30023B0F5 /* Stock.swift */; };
		6EE5C2C1263BC878001D47B8 /* SignUpReactor.swift in Sources */ = {isa = PBXBuildFile; fileRef = 6EE5C2C0263BC878001D47B8 /* SignUpReactor.swift */; };
		6EE5C2C5263BDA34001D47B8 /* AlreadyExistedNicknameView.swift in Sources */ = {isa = PBXBuildFile; fileRef = 6EE5C2C4263BDA34001D47B8 /* AlreadyExistedNicknameView.swift */; };
		6EF960E82658EAB2003BD2BF /* WriteNewStockTypeReactor.swift in Sources */ = {isa = PBXBuildFile; fileRef = 6EF960E72658EAB2003BD2BF /* WriteNewStockTypeReactor.swift */; };
		75EB274A7463C18CD6356549 /* Pods_9th_muyaho_iOS.framework in Frameworks */ = {isa = PBXBuildFile; fileRef = E0A99F53BEF14AA289056FC2 /* Pods_9th_muyaho_iOS.framework */; };
		A5754B4B2625B6C200B6E8A1 /* AppDelegate.swift in Sources */ = {isa = PBXBuildFile; fileRef = A5754B4A2625B6C200B6E8A1 /* AppDelegate.swift */; };
		A5754B4D2625B6C200B6E8A1 /* SceneDelegate.swift in Sources */ = {isa = PBXBuildFile; fileRef = A5754B4C2625B6C200B6E8A1 /* SceneDelegate.swift */; };
		A5754B542625B6C400B6E8A1 /* Assets.xcassets in Resources */ = {isa = PBXBuildFile; fileRef = A5754B532625B6C400B6E8A1 /* Assets.xcassets */; };
		A5754B572625B6C400B6E8A1 /* LaunchScreen.storyboard in Resources */ = {isa = PBXBuildFile; fileRef = A5754B552625B6C400B6E8A1 /* LaunchScreen.storyboard */; };
		A5754B622625B6C500B6E8A1 /* _th_muyaho_iOSTests.swift in Sources */ = {isa = PBXBuildFile; fileRef = A5754B612625B6C500B6E8A1 /* _th_muyaho_iOSTests.swift */; };
		A5754B6D2625B6C500B6E8A1 /* _th_muyaho_iOSUITests.swift in Sources */ = {isa = PBXBuildFile; fileRef = A5754B6C2625B6C500B6E8A1 /* _th_muyaho_iOSUITests.swift */; };
		A5754BA62625BBD100B6E8A1 /* MainTabBerController.swift in Sources */ = {isa = PBXBuildFile; fileRef = A5754BA52625BBD100B6E8A1 /* MainTabBerController.swift */; };
		A5754BAF2625BC6B00B6E8A1 /* BaseView.swift in Sources */ = {isa = PBXBuildFile; fileRef = A5754BAE2625BC6B00B6E8A1 /* BaseView.swift */; };
		A5754BB72625BD8900B6E8A1 /* BaseViewController.swift in Sources */ = {isa = PBXBuildFile; fileRef = A5754BB62625BD8900B6E8A1 /* BaseViewController.swift */; };
		A5754BBC2625BE4B00B6E8A1 /* BaseTableViewCell.swift in Sources */ = {isa = PBXBuildFile; fileRef = A5754BBB2625BE4B00B6E8A1 /* BaseTableViewCell.swift */; };
		A58C2B752658072000CEEE8C /* CalculatorViewController.swift in Sources */ = {isa = PBXBuildFile; fileRef = A58C2B742658072000CEEE8C /* CalculatorViewController.swift */; };
		A58C2B7A2658074300CEEE8C /* CalculatorView.swift in Sources */ = {isa = PBXBuildFile; fileRef = A58C2B792658074300CEEE8C /* CalculatorView.swift */; };
		A58C2B7F2658076400CEEE8C /* CalculatorReactor.swift in Sources */ = {isa = PBXBuildFile; fileRef = A58C2B7E2658076400CEEE8C /* CalculatorReactor.swift */; };
		A58C2B9D265892B200CEEE8C /* CustomMenuBar.swift in Sources */ = {isa = PBXBuildFile; fileRef = A58C2B9C265892B200CEEE8C /* CustomMenuBar.swift */; };
		A58C2BAE2658937100CEEE8C /* CustomCell.swift in Sources */ = {isa = PBXBuildFile; fileRef = A58C2BAC2658937100CEEE8C /* CustomCell.swift */; };
		A58C2BAF2658937100CEEE8C /* CustomCell.xib in Resources */ = {isa = PBXBuildFile; fileRef = A58C2BAD2658937100CEEE8C /* CustomCell.xib */; };
		A58C2BB52658938100CEEE8C /* PageCell.swift in Sources */ = {isa = PBXBuildFile; fileRef = A58C2BB32658938100CEEE8C /* PageCell.swift */; };
		A58C2BB62658938100CEEE8C /* PageCell.xib in Resources */ = {isa = PBXBuildFile; fileRef = A58C2BB42658938100CEEE8C /* PageCell.xib */; };
		A58C2BBC2658944400CEEE8C /* NSObject + reusableIdentifier.swift in Sources */ = {isa = PBXBuildFile; fileRef = A58C2BBB2658944400CEEE8C /* NSObject + reusableIdentifier.swift */; };
		A58C2BDB2658C7C800CEEE8C /* ProfitrateCell.swift in Sources */ = {isa = PBXBuildFile; fileRef = A58C2BD92658C7C800CEEE8C /* ProfitrateCell.swift */; };
		A58C2BDC2658C7C800CEEE8C /* ProfitrateCell.xib in Resources */ = {isa = PBXBuildFile; fileRef = A58C2BDA2658C7C800CEEE8C /* ProfitrateCell.xib */; };
		A58C2BE22659DDF700CEEE8C /* WaterrideCell.swift in Sources */ = {isa = PBXBuildFile; fileRef = A58C2BE02659DDF700CEEE8C /* WaterrideCell.swift */; };
		A58C2BE32659DDF700CEEE8C /* WaterrideCell.xib in Resources */ = {isa = PBXBuildFile; fileRef = A58C2BE12659DDF700CEEE8C /* WaterrideCell.xib */; };
		A58C2BE92659DE1100CEEE8C /* HistoryCell.swift in Sources */ = {isa = PBXBuildFile; fileRef = A58C2BE72659DE1100CEEE8C /* HistoryCell.swift */; };
		A58C2BEA2659DE1100CEEE8C /* HistoryCell.xib in Resources */ = {isa = PBXBuildFile; fileRef = A58C2BE82659DE1100CEEE8C /* HistoryCell.xib */; };
		A5EBC43826475F2200876352 /* MyPageViewController.swift in Sources */ = {isa = PBXBuildFile; fileRef = A5EBC43726475F2200876352 /* MyPageViewController.swift */; };
		A5EBC4452647608400876352 /* MyPageView.swift in Sources */ = {isa = PBXBuildFile; fileRef = A5EBC4442647608400876352 /* MyPageView.swift */; };
		A5EBC44A264760F200876352 /* MyPageReactor.swift in Sources */ = {isa = PBXBuildFile; fileRef = A5EBC449264760F200876352 /* MyPageReactor.swift */; };
		E5522E36B7F597FE6EF15C86 /* Pods_9th_muyaho_iOSTests.framework in Frameworks */ = {isa = PBXBuildFile; fileRef = FC2548F9F95CFE9F9A594D89 /* Pods_9th_muyaho_iOSTests.framework */; };
/* End PBXBuildFile section */

/* Begin PBXContainerItemProxy section */
		A5754B5E2625B6C500B6E8A1 /* PBXContainerItemProxy */ = {
			isa = PBXContainerItemProxy;
			containerPortal = A5754B3F2625B6C200B6E8A1 /* Project object */;
			proxyType = 1;
			remoteGlobalIDString = A5754B462625B6C200B6E8A1;
			remoteInfo = 9th_muyaho_iOS;
		};
		A5754B692625B6C500B6E8A1 /* PBXContainerItemProxy */ = {
			isa = PBXContainerItemProxy;
			containerPortal = A5754B3F2625B6C200B6E8A1 /* Project object */;
			proxyType = 1;
			remoteGlobalIDString = A5754B462625B6C200B6E8A1;
			remoteInfo = 9th_muyaho_iOS;
		};
/* End PBXContainerItemProxy section */

/* Begin PBXFileReference section */
		142F235D39B5272294793A7A /* Pods_9th_muyaho_iOS_9th_muyaho_iOSUITests.framework */ = {isa = PBXFileReference; explicitFileType = wrapper.framework; includeInIndex = 0; path = Pods_9th_muyaho_iOS_9th_muyaho_iOSUITests.framework; sourceTree = BUILT_PRODUCTS_DIR; };
		4EA2ABCB9DE75C662E452F1D /* Pods-9th_muyaho_iOSTests.debug.xcconfig */ = {isa = PBXFileReference; includeInIndex = 1; lastKnownFileType = text.xcconfig; name = "Pods-9th_muyaho_iOSTests.debug.xcconfig"; path = "Target Support Files/Pods-9th_muyaho_iOSTests/Pods-9th_muyaho_iOSTests.debug.xcconfig"; sourceTree = "<group>"; };
		4FDA26644E22F62978D83FBA /* Pods-9th_muyaho_iOS.debug.xcconfig */ = {isa = PBXFileReference; includeInIndex = 1; lastKnownFileType = text.xcconfig; name = "Pods-9th_muyaho_iOS.debug.xcconfig"; path = "Target Support Files/Pods-9th_muyaho_iOS/Pods-9th_muyaho_iOS.debug.xcconfig"; sourceTree = "<group>"; };
		6E166308263D2D1400A35C9F /* HTTPUtils.swift */ = {isa = PBXFileReference; lastKnownFileType = sourcecode.swift; path = HTTPUtils.swift; sourceTree = "<group>"; };
		6E16630D263D2D8400A35C9F /* MembershipServices.swift */ = {isa = PBXFileReference; lastKnownFileType = sourcecode.swift; path = MembershipServices.swift; sourceTree = "<group>"; };
		6E166315263D306600A35C9F /* ResponseContainer.swift */ = {isa = PBXFileReference; lastKnownFileType = sourcecode.swift; path = ResponseContainer.swift; sourceTree = "<group>"; };
		6E16631A263D30B600A35C9F /* AuthResponse.swift */ = {isa = PBXFileReference; lastKnownFileType = sourcecode.swift; path = AuthResponse.swift; sourceTree = "<group>"; };
		6E16631F263D34FA00A35C9F /* JsonUtils.swift */ = {isa = PBXFileReference; lastKnownFileType = sourcecode.swift; path = JsonUtils.swift; sourceTree = "<group>"; };
		6E16632A263D3CC200A35C9F /* APIResult.swift */ = {isa = PBXFileReference; lastKnownFileType = sourcecode.swift; path = APIResult.swift; sourceTree = "<group>"; };
		6E2538712656941E00439E8E /* WriteNewStockTypeViewController.swift */ = {isa = PBXFileReference; lastKnownFileType = sourcecode.swift; path = WriteNewStockTypeViewController.swift; sourceTree = "<group>"; };
		6E2538742656964C00439E8E /* StockTypeButton.swift */ = {isa = PBXFileReference; lastKnownFileType = sourcecode.swift; path = StockTypeButton.swift; sourceTree = "<group>"; };
		6E2538762656980F00439E8E /* StockTypeRadioGroupView.swift */ = {isa = PBXFileReference; lastKnownFileType = sourcecode.swift; path = StockTypeRadioGroupView.swift; sourceTree = "<group>"; };
		6E25387826569A5700439E8E /* StockType.swift */ = {isa = PBXFileReference; lastKnownFileType = sourcecode.swift; path = StockType.swift; sourceTree = "<group>"; };
		6E25387A2656A3A100439E8E /* StockSearchButton.swift */ = {isa = PBXFileReference; lastKnownFileType = sourcecode.swift; path = StockSearchButton.swift; sourceTree = "<group>"; };
		6E2B9C852661EF1400734784 /* DeletableInputField.swift */ = {isa = PBXFileReference; lastKnownFileType = sourcecode.swift; path = DeletableInputField.swift; sourceTree = "<group>"; };
		6E2F82B6264CD48300539D8A /* HomeInvestByCategoryView.swift */ = {isa = PBXFileReference; lastKnownFileType = sourcecode.swift; path = HomeInvestByCategoryView.swift; sourceTree = "<group>"; };
		6E2F82B8264CD63700539D8A /* InvestByCategoryButton.swift */ = {isa = PBXFileReference; lastKnownFileType = sourcecode.swift; path = InvestByCategoryButton.swift; sourceTree = "<group>"; };
		6E3692F72663908C009A83DF /* StockInfo.swift */ = {isa = PBXFileReference; lastKnownFileType = sourcecode.swift; path = StockInfo.swift; sourceTree = "<group>"; };
		6E3692F9266390C2009A83DF /* CurrencyType.swift */ = {isa = PBXFileReference; lastKnownFileType = sourcecode.swift; path = CurrencyType.swift; sourceTree = "<group>"; };
		6E3692FB26639BB6009A83DF /* WriteStockReqeust.swift */ = {isa = PBXFileReference; lastKnownFileType = sourcecode.swift; path = WriteStockReqeust.swift; sourceTree = "<group>"; };
		6E40DDFB263448060003E4AD /* UIImageExtensions.swift */ = {isa = PBXFileReference; lastKnownFileType = sourcecode.swift; path = UIImageExtensions.swift; sourceTree = "<group>"; };
		6E45387B26550966000CFC0F /* WriteMenuView.swift */ = {isa = PBXFileReference; lastKnownFileType = sourcecode.swift; path = WriteMenuView.swift; sourceTree = "<group>"; };
		6E45387D26550D16000CFC0F /* WriteMenuViewController.swift */ = {isa = PBXFileReference; lastKnownFileType = sourcecode.swift; path = WriteMenuViewController.swift; sourceTree = "<group>"; };
		6E45388126551A42000CFC0F /* WriteNewStockTypeView.swift */ = {isa = PBXFileReference; lastKnownFileType = sourcecode.swift; path = WriteNewStockTypeView.swift; sourceTree = "<group>"; };
		6E475841264D566F003E16C5 /* DashBoardView.swift */ = {isa = PBXFileReference; lastKnownFileType = sourcecode.swift; path = DashBoardView.swift; sourceTree = "<group>"; };
		6E48045A2665151B00BF5E44 /* DetailAlertView.swift */ = {isa = PBXFileReference; lastKnownFileType = sourcecode.swift; path = DetailAlertView.swift; sourceTree = "<group>"; };
		6E48045C2665208100BF5E44 /* DetailAlertViewController.swift */ = {isa = PBXFileReference; lastKnownFileType = sourcecode.swift; path = DetailAlertViewController.swift; sourceTree = "<group>"; };
		6E4F5D952657E7780061A13C /* SearchStockView.swift */ = {isa = PBXFileReference; lastKnownFileType = sourcecode.swift; path = SearchStockView.swift; sourceTree = "<group>"; };
		6E4F5D982657E8400061A13C /* SearchStockField.swift */ = {isa = PBXFileReference; lastKnownFileType = sourcecode.swift; path = SearchStockField.swift; sourceTree = "<group>"; };
		6E4F5D9A2657EB6C0061A13C /* SearchStockViewController.swift */ = {isa = PBXFileReference; lastKnownFileType = sourcecode.swift; path = SearchStockViewController.swift; sourceTree = "<group>"; };
		6E4F5D9C2657F66A0061A13C /* SearchStockTransition.swift */ = {isa = PBXFileReference; lastKnownFileType = sourcecode.swift; path = SearchStockTransition.swift; sourceTree = "<group>"; };
		6E4FE4A12638625B00103948 /* SignInViewController.swift */ = {isa = PBXFileReference; lastKnownFileType = sourcecode.swift; path = SignInViewController.swift; sourceTree = "<group>"; };
		6E4FE4A32638655B00103948 /* SignInReactor.swift */ = {isa = PBXFileReference; lastKnownFileType = sourcecode.swift; path = SignInReactor.swift; sourceTree = "<group>"; };
		6E540A3D263BBF8E00AAD4B0 /* LargeButton.swift */ = {isa = PBXFileReference; lastKnownFileType = sourcecode.swift; path = LargeButton.swift; sourceTree = "<group>"; };
		6E5A3A22263D9B2700B46EAF /* HTTPURLResponseExtensions.swift */ = {isa = PBXFileReference; lastKnownFileType = sourcecode.swift; path = HTTPURLResponseExtensions.swift; sourceTree = "<group>"; };
		6E5A3A24263D9C7C00B46EAF /* ObservableExtensions.swift */ = {isa = PBXFileReference; lastKnownFileType = sourcecode.swift; path = ObservableExtensions.swift; sourceTree = "<group>"; };
		6E5A3A26263DA1E700B46EAF /* NetworkActivityLogger.swift */ = {isa = PBXFileReference; lastKnownFileType = sourcecode.swift; path = NetworkActivityLogger.swift; sourceTree = "<group>"; };
		6E5DECFB26423D080005487F /* AlertUtils.swift */ = {isa = PBXFileReference; lastKnownFileType = sourcecode.swift; path = AlertUtils.swift; sourceTree = "<group>"; };
		6E6E6DF62639AFF70061AB4A /* KakaoSignInManager.swift */ = {isa = PBXFileReference; lastKnownFileType = sourcecode.swift; path = KakaoSignInManager.swift; sourceTree = "<group>"; };
		6E6E6DF82639B1320061AB4A /* AppleSignInManager.swift */ = {isa = PBXFileReference; lastKnownFileType = sourcecode.swift; path = AppleSignInManager.swift; sourceTree = "<group>"; };
		6E744C5D2641546C00AB9054 /* UserDefaultsUtils.swift */ = {isa = PBXFileReference; lastKnownFileType = sourcecode.swift; path = UserDefaultsUtils.swift; sourceTree = "<group>"; };
		6E744C5F26416FA600AB9054 /* BaseReactorProtocol.swift */ = {isa = PBXFileReference; lastKnownFileType = sourcecode.swift; path = BaseReactorProtocol.swift; sourceTree = "<group>"; };
		6E7ED81E26385FD400DC0C10 /* SignInView.swift */ = {isa = PBXFileReference; lastKnownFileType = sourcecode.swift; path = SignInView.swift; sourceTree = "<group>"; };
		6E801CC3262C1C2E0081E68A /* HomeViewController.swift */ = {isa = PBXFileReference; lastKnownFileType = sourcecode.swift; path = HomeViewController.swift; sourceTree = "<group>"; };
		6E801CC8262C1C6E0081E68A /* HomeView.swift */ = {isa = PBXFileReference; lastKnownFileType = sourcecode.swift; path = HomeView.swift; sourceTree = "<group>"; };
		6E801CD1262C1D810081E68A /* UIViewExtensions.swift */ = {isa = PBXFileReference; lastKnownFileType = sourcecode.swift; path = UIViewExtensions.swift; sourceTree = "<group>"; };
		6E801CDE262C22240081E68A /* HomeReactor.swift */ = {isa = PBXFileReference; lastKnownFileType = sourcecode.swift; path = HomeReactor.swift; sourceTree = "<group>"; };
		6E81759426382B680050FFC7 /* UIColorExtensions.swift */ = {isa = PBXFileReference; lastKnownFileType = sourcecode.swift; path = UIColorExtensions.swift; sourceTree = "<group>"; };
		6E817596263835390050FFC7 /* UIFontExtensions.swift */ = {isa = PBXFileReference; lastKnownFileType = sourcecode.swift; path = UIFontExtensions.swift; sourceTree = "<group>"; };
		6E81759A263837330050FFC7 /* SpoqaHanSansNeo-Bold.ttf */ = {isa = PBXFileReference; lastKnownFileType = file; path = "SpoqaHanSansNeo-Bold.ttf"; sourceTree = "<group>"; };
		6E81759C263837AD0050FFC7 /* SpoqaHanSansNeo-Light.ttf */ = {isa = PBXFileReference; lastKnownFileType = file; path = "SpoqaHanSansNeo-Light.ttf"; sourceTree = "<group>"; };
		6E81759E263838140050FFC7 /* SpoqaHanSansNeo-Medium.ttf */ = {isa = PBXFileReference; lastKnownFileType = file; path = "SpoqaHanSansNeo-Medium.ttf"; sourceTree = "<group>"; };
		6E8175A0263838910050FFC7 /* SpoqaHanSansNeo-Regular.ttf */ = {isa = PBXFileReference; lastKnownFileType = file; path = "SpoqaHanSansNeo-Regular.ttf"; sourceTree = "<group>"; };
		6E9429EE26403BC2005AAC78 /* HTTPError.swift */ = {isa = PBXFileReference; lastKnownFileType = sourcecode.swift; path = HTTPError.swift; sourceTree = "<group>"; };
		6EABBACC263A950500ACC332 /* AuthRequest.swift */ = {isa = PBXFileReference; lastKnownFileType = sourcecode.swift; path = AuthRequest.swift; sourceTree = "<group>"; };
		6EABBACE263A954100ACC332 /* SocialType.swift */ = {isa = PBXFileReference; lastKnownFileType = sourcecode.swift; path = SocialType.swift; sourceTree = "<group>"; };
		6EABBAD0263A95DE00ACC332 /* CommonError.swift */ = {isa = PBXFileReference; lastKnownFileType = sourcecode.swift; path = CommonError.swift; sourceTree = "<group>"; };
		6EABBAD4263AC73800ACC332 /* SignInManagerProtocol.swift */ = {isa = PBXFileReference; lastKnownFileType = sourcecode.swift; path = SignInManagerProtocol.swift; sourceTree = "<group>"; };
		6EABBADD263AD2C900ACC332 /* en */ = {isa = PBXFileReference; lastKnownFileType = text.plist.strings; name = en; path = en.lproj/Localization.strings; sourceTree = "<group>"; };
		6EABBADF263AD2DE00ACC332 /* StringExtensions.swift */ = {isa = PBXFileReference; lastKnownFileType = sourcecode.swift; path = StringExtensions.swift; sourceTree = "<group>"; };
		6EABBAE3263AF5B500ACC332 /* SignUpView.swift */ = {isa = PBXFileReference; lastKnownFileType = sourcecode.swift; path = SignUpView.swift; sourceTree = "<group>"; };
		6EABBAE5263AFED300ACC332 /* SignUpViewController.swift */ = {isa = PBXFileReference; lastKnownFileType = sourcecode.swift; path = SignUpViewController.swift; sourceTree = "<group>"; };
		6EC14AEA2662637E0054A1CD /* DomesticDetailReactor.swift */ = {isa = PBXFileReference; lastKnownFileType = sourcecode.swift; path = DomesticDetailReactor.swift; sourceTree = "<group>"; };
		6ED56BA72661C8080057A90F /* DomesticDetailView.swift */ = {isa = PBXFileReference; lastKnownFileType = sourcecode.swift; path = DomesticDetailView.swift; sourceTree = "<group>"; };
		6ED56BA92661C9670057A90F /* DomesticDetailViewController.swift */ = {isa = PBXFileReference; lastKnownFileType = sourcecode.swift; path = DomesticDetailViewController.swift; sourceTree = "<group>"; };
		6ED95A85264ACCAA00853CA3 /* HomeOverview.swift */ = {isa = PBXFileReference; lastKnownFileType = sourcecode.swift; path = HomeOverview.swift; sourceTree = "<group>"; };
		6ED95A87264AD57A00853CA3 /* YoungchanView.swift */ = {isa = PBXFileReference; lastKnownFileType = sourcecode.swift; path = YoungchanView.swift; sourceTree = "<group>"; };
		6EDADCB6264C1FF000D6D356 /* PaddingLabel.swift */ = {isa = PBXFileReference; lastKnownFileType = sourcecode.swift; path = PaddingLabel.swift; sourceTree = "<group>"; };
		6EDADCB8264C2B9A00D6D356 /* EmptyOverviewButton.swift */ = {isa = PBXFileReference; lastKnownFileType = sourcecode.swift; path = EmptyOverviewButton.swift; sourceTree = "<group>"; };
		6EE19C06265A37730023B0F5 /* SearchHistoryTableView.swift */ = {isa = PBXFileReference; lastKnownFileType = sourcecode.swift; path = SearchHistoryTableView.swift; sourceTree = "<group>"; };
		6EE19C08265A3E420023B0F5 /* SearchCell.swift */ = {isa = PBXFileReference; lastKnownFileType = sourcecode.swift; path = SearchCell.swift; sourceTree = "<group>"; };
		6EE19C0A265A4F9D0023B0F5 /* SearchStockReactor.swift */ = {isa = PBXFileReference; lastKnownFileType = sourcecode.swift; path = SearchStockReactor.swift; sourceTree = "<group>"; };
		6EE19C0C265A504D0023B0F5 /* StockServices.swift */ = {isa = PBXFileReference; lastKnownFileType = sourcecode.swift; path = StockServices.swift; sourceTree = "<group>"; };
		6EE19C0E265A50A30023B0F5 /* Stock.swift */ = {isa = PBXFileReference; lastKnownFileType = sourcecode.swift; path = Stock.swift; sourceTree = "<group>"; };
		6EE5C2C0263BC878001D47B8 /* SignUpReactor.swift */ = {isa = PBXFileReference; lastKnownFileType = sourcecode.swift; path = SignUpReactor.swift; sourceTree = "<group>"; };
		6EE5C2C4263BDA34001D47B8 /* AlreadyExistedNicknameView.swift */ = {isa = PBXFileReference; lastKnownFileType = sourcecode.swift; path = AlreadyExistedNicknameView.swift; sourceTree = "<group>"; };
		6EF07EFF26393349004FBE8F /* 9th_muyaho_iOS.entitlements */ = {isa = PBXFileReference; lastKnownFileType = text.plist.entitlements; path = 9th_muyaho_iOS.entitlements; sourceTree = "<group>"; };
		6EF960E72658EAB2003BD2BF /* WriteNewStockTypeReactor.swift */ = {isa = PBXFileReference; lastKnownFileType = sourcecode.swift; path = WriteNewStockTypeReactor.swift; sourceTree = "<group>"; };
		78331A75FFCFDE917BECB028 /* Pods-9th_muyaho_iOSTests.release.xcconfig */ = {isa = PBXFileReference; includeInIndex = 1; lastKnownFileType = text.xcconfig; name = "Pods-9th_muyaho_iOSTests.release.xcconfig"; path = "Target Support Files/Pods-9th_muyaho_iOSTests/Pods-9th_muyaho_iOSTests.release.xcconfig"; sourceTree = "<group>"; };
		8A5B3A6B5E869E13AFFE890C /* Pods-9th_muyaho_iOS-9th_muyaho_iOSUITests.release.xcconfig */ = {isa = PBXFileReference; includeInIndex = 1; lastKnownFileType = text.xcconfig; name = "Pods-9th_muyaho_iOS-9th_muyaho_iOSUITests.release.xcconfig"; path = "Target Support Files/Pods-9th_muyaho_iOS-9th_muyaho_iOSUITests/Pods-9th_muyaho_iOS-9th_muyaho_iOSUITests.release.xcconfig"; sourceTree = "<group>"; };
		A57283C4AA526D18F7C7023E /* Pods-9th_muyaho_iOS.release.xcconfig */ = {isa = PBXFileReference; includeInIndex = 1; lastKnownFileType = text.xcconfig; name = "Pods-9th_muyaho_iOS.release.xcconfig"; path = "Target Support Files/Pods-9th_muyaho_iOS/Pods-9th_muyaho_iOS.release.xcconfig"; sourceTree = "<group>"; };
		A5754B472625B6C200B6E8A1 /* 9th_muyaho_iOS.app */ = {isa = PBXFileReference; explicitFileType = wrapper.application; includeInIndex = 0; path = 9th_muyaho_iOS.app; sourceTree = BUILT_PRODUCTS_DIR; };
		A5754B4A2625B6C200B6E8A1 /* AppDelegate.swift */ = {isa = PBXFileReference; lastKnownFileType = sourcecode.swift; path = AppDelegate.swift; sourceTree = "<group>"; };
		A5754B4C2625B6C200B6E8A1 /* SceneDelegate.swift */ = {isa = PBXFileReference; lastKnownFileType = sourcecode.swift; path = SceneDelegate.swift; sourceTree = "<group>"; };
		A5754B532625B6C400B6E8A1 /* Assets.xcassets */ = {isa = PBXFileReference; lastKnownFileType = folder.assetcatalog; path = Assets.xcassets; sourceTree = "<group>"; };
		A5754B562625B6C400B6E8A1 /* Base */ = {isa = PBXFileReference; lastKnownFileType = file.storyboard; name = Base; path = Base.lproj/LaunchScreen.storyboard; sourceTree = "<group>"; };
		A5754B582625B6C400B6E8A1 /* Info.plist */ = {isa = PBXFileReference; lastKnownFileType = text.plist.xml; path = Info.plist; sourceTree = "<group>"; };
		A5754B5D2625B6C500B6E8A1 /* 9th_muyaho_iOSTests.xctest */ = {isa = PBXFileReference; explicitFileType = wrapper.cfbundle; includeInIndex = 0; path = 9th_muyaho_iOSTests.xctest; sourceTree = BUILT_PRODUCTS_DIR; };
		A5754B612625B6C500B6E8A1 /* _th_muyaho_iOSTests.swift */ = {isa = PBXFileReference; lastKnownFileType = sourcecode.swift; path = _th_muyaho_iOSTests.swift; sourceTree = "<group>"; };
		A5754B632625B6C500B6E8A1 /* Info.plist */ = {isa = PBXFileReference; lastKnownFileType = text.plist.xml; path = Info.plist; sourceTree = "<group>"; };
		A5754B682625B6C500B6E8A1 /* 9th_muyaho_iOSUITests.xctest */ = {isa = PBXFileReference; explicitFileType = wrapper.cfbundle; includeInIndex = 0; path = 9th_muyaho_iOSUITests.xctest; sourceTree = BUILT_PRODUCTS_DIR; };
		A5754B6C2625B6C500B6E8A1 /* _th_muyaho_iOSUITests.swift */ = {isa = PBXFileReference; lastKnownFileType = sourcecode.swift; path = _th_muyaho_iOSUITests.swift; sourceTree = "<group>"; };
		A5754B6E2625B6C500B6E8A1 /* Info.plist */ = {isa = PBXFileReference; lastKnownFileType = text.plist.xml; path = Info.plist; sourceTree = "<group>"; };
		A5754BA52625BBD100B6E8A1 /* MainTabBerController.swift */ = {isa = PBXFileReference; lastKnownFileType = sourcecode.swift; path = MainTabBerController.swift; sourceTree = "<group>"; };
		A5754BAE2625BC6B00B6E8A1 /* BaseView.swift */ = {isa = PBXFileReference; lastKnownFileType = sourcecode.swift; path = BaseView.swift; sourceTree = "<group>"; };
		A5754BB62625BD8900B6E8A1 /* BaseViewController.swift */ = {isa = PBXFileReference; lastKnownFileType = sourcecode.swift; path = BaseViewController.swift; sourceTree = "<group>"; };
		A5754BBB2625BE4B00B6E8A1 /* BaseTableViewCell.swift */ = {isa = PBXFileReference; lastKnownFileType = sourcecode.swift; path = BaseTableViewCell.swift; sourceTree = "<group>"; };
		A58C2B742658072000CEEE8C /* CalculatorViewController.swift */ = {isa = PBXFileReference; lastKnownFileType = sourcecode.swift; path = CalculatorViewController.swift; sourceTree = "<group>"; };
		A58C2B792658074300CEEE8C /* CalculatorView.swift */ = {isa = PBXFileReference; lastKnownFileType = sourcecode.swift; path = CalculatorView.swift; sourceTree = "<group>"; };
		A58C2B7E2658076400CEEE8C /* CalculatorReactor.swift */ = {isa = PBXFileReference; lastKnownFileType = sourcecode.swift; path = CalculatorReactor.swift; sourceTree = "<group>"; };
		A58C2B9C265892B200CEEE8C /* CustomMenuBar.swift */ = {isa = PBXFileReference; lastKnownFileType = sourcecode.swift; path = CustomMenuBar.swift; sourceTree = "<group>"; };
		A58C2BAC2658937100CEEE8C /* CustomCell.swift */ = {isa = PBXFileReference; lastKnownFileType = sourcecode.swift; path = CustomCell.swift; sourceTree = "<group>"; };
		A58C2BAD2658937100CEEE8C /* CustomCell.xib */ = {isa = PBXFileReference; lastKnownFileType = file.xib; path = CustomCell.xib; sourceTree = "<group>"; };
		A58C2BB32658938100CEEE8C /* PageCell.swift */ = {isa = PBXFileReference; lastKnownFileType = sourcecode.swift; path = PageCell.swift; sourceTree = "<group>"; };
		A58C2BB42658938100CEEE8C /* PageCell.xib */ = {isa = PBXFileReference; lastKnownFileType = file.xib; path = PageCell.xib; sourceTree = "<group>"; };
		A58C2BBB2658944400CEEE8C /* NSObject + reusableIdentifier.swift */ = {isa = PBXFileReference; lastKnownFileType = sourcecode.swift; path = "NSObject + reusableIdentifier.swift"; sourceTree = "<group>"; };
		A58C2BD92658C7C800CEEE8C /* ProfitrateCell.swift */ = {isa = PBXFileReference; lastKnownFileType = sourcecode.swift; path = ProfitrateCell.swift; sourceTree = "<group>"; };
		A58C2BDA2658C7C800CEEE8C /* ProfitrateCell.xib */ = {isa = PBXFileReference; lastKnownFileType = file.xib; path = ProfitrateCell.xib; sourceTree = "<group>"; };
		A58C2BE02659DDF700CEEE8C /* WaterrideCell.swift */ = {isa = PBXFileReference; lastKnownFileType = sourcecode.swift; path = WaterrideCell.swift; sourceTree = "<group>"; };
		A58C2BE12659DDF700CEEE8C /* WaterrideCell.xib */ = {isa = PBXFileReference; lastKnownFileType = file.xib; path = WaterrideCell.xib; sourceTree = "<group>"; };
		A58C2BE72659DE1100CEEE8C /* HistoryCell.swift */ = {isa = PBXFileReference; lastKnownFileType = sourcecode.swift; path = HistoryCell.swift; sourceTree = "<group>"; };
		A58C2BE82659DE1100CEEE8C /* HistoryCell.xib */ = {isa = PBXFileReference; lastKnownFileType = file.xib; path = HistoryCell.xib; sourceTree = "<group>"; };
		A5EBC43726475F2200876352 /* MyPageViewController.swift */ = {isa = PBXFileReference; lastKnownFileType = sourcecode.swift; path = MyPageViewController.swift; sourceTree = "<group>"; };
		A5EBC4442647608400876352 /* MyPageView.swift */ = {isa = PBXFileReference; lastKnownFileType = sourcecode.swift; path = MyPageView.swift; sourceTree = "<group>"; };
		A5EBC449264760F200876352 /* MyPageReactor.swift */ = {isa = PBXFileReference; lastKnownFileType = sourcecode.swift; path = MyPageReactor.swift; sourceTree = "<group>"; };
		E0A99F53BEF14AA289056FC2 /* Pods_9th_muyaho_iOS.framework */ = {isa = PBXFileReference; explicitFileType = wrapper.framework; includeInIndex = 0; path = Pods_9th_muyaho_iOS.framework; sourceTree = BUILT_PRODUCTS_DIR; };
		EDE242BEDD8AE9165558401E /* Pods-9th_muyaho_iOS-9th_muyaho_iOSUITests.debug.xcconfig */ = {isa = PBXFileReference; includeInIndex = 1; lastKnownFileType = text.xcconfig; name = "Pods-9th_muyaho_iOS-9th_muyaho_iOSUITests.debug.xcconfig"; path = "Target Support Files/Pods-9th_muyaho_iOS-9th_muyaho_iOSUITests/Pods-9th_muyaho_iOS-9th_muyaho_iOSUITests.debug.xcconfig"; sourceTree = "<group>"; };
		FC2548F9F95CFE9F9A594D89 /* Pods_9th_muyaho_iOSTests.framework */ = {isa = PBXFileReference; explicitFileType = wrapper.framework; includeInIndex = 0; path = Pods_9th_muyaho_iOSTests.framework; sourceTree = BUILT_PRODUCTS_DIR; };
/* End PBXFileReference section */

/* Begin PBXFrameworksBuildPhase section */
		A5754B442625B6C200B6E8A1 /* Frameworks */ = {
			isa = PBXFrameworksBuildPhase;
			buildActionMask = 2147483647;
			files = (
				75EB274A7463C18CD6356549 /* Pods_9th_muyaho_iOS.framework in Frameworks */,
			);
			runOnlyForDeploymentPostprocessing = 0;
		};
		A5754B5A2625B6C500B6E8A1 /* Frameworks */ = {
			isa = PBXFrameworksBuildPhase;
			buildActionMask = 2147483647;
			files = (
				E5522E36B7F597FE6EF15C86 /* Pods_9th_muyaho_iOSTests.framework in Frameworks */,
			);
			runOnlyForDeploymentPostprocessing = 0;
		};
		A5754B652625B6C500B6E8A1 /* Frameworks */ = {
			isa = PBXFrameworksBuildPhase;
			buildActionMask = 2147483647;
			files = (
				201094345947E3C0EB6BD6A3 /* Pods_9th_muyaho_iOS_9th_muyaho_iOSUITests.framework in Frameworks */,
			);
			runOnlyForDeploymentPostprocessing = 0;
		};
/* End PBXFrameworksBuildPhase section */

/* Begin PBXGroup section */
		6E166306263D2CC300A35C9F /* services */ = {
			isa = PBXGroup;
			children = (
				6E16630D263D2D8400A35C9F /* MembershipServices.swift */,
				6EE19C0C265A504D0023B0F5 /* StockServices.swift */,
			);
			path = services;
			sourceTree = "<group>";
		};
		6E166307263D2CFB00A35C9F /* utils */ = {
			isa = PBXGroup;
			children = (
				6E166308263D2D1400A35C9F /* HTTPUtils.swift */,
				6E16631F263D34FA00A35C9F /* JsonUtils.swift */,
				6E5A3A26263DA1E700B46EAF /* NetworkActivityLogger.swift */,
				6E744C5D2641546C00AB9054 /* UserDefaultsUtils.swift */,
				6E5DECFB26423D080005487F /* AlertUtils.swift */,
			);
			path = utils;
			sourceTree = "<group>";
		};
		6E2538732656962700439E8E /* subviews */ = {
			isa = PBXGroup;
			children = (
				6E2538742656964C00439E8E /* StockTypeButton.swift */,
				6E2538762656980F00439E8E /* StockTypeRadioGroupView.swift */,
				6E25387A2656A3A100439E8E /* StockSearchButton.swift */,
			);
			path = subviews;
			sourceTree = "<group>";
		};
		6E2B9C842661EEF600734784 /* subviews */ = {
			isa = PBXGroup;
			children = (
				6E2B9C852661EF1400734784 /* DeletableInputField.swift */,
			);
			path = subviews;
			sourceTree = "<group>";
		};
		6E45387F265516F1000CFC0F /* write-menu */ = {
			isa = PBXGroup;
			children = (
				6E45387B26550966000CFC0F /* WriteMenuView.swift */,
				6E45387D26550D16000CFC0F /* WriteMenuViewController.swift */,
			);
			path = "write-menu";
			sourceTree = "<group>";
		};
		6E4538802655194A000CFC0F /* write-new */ = {
			isa = PBXGroup;
			children = (
				6ED56BA62661C7DB0057A90F /* write-detail */,
				6E4F5D942657E75D0061A13C /* search-stock */,
				6E2538732656962700439E8E /* subviews */,
				6E45388126551A42000CFC0F /* WriteNewStockTypeView.swift */,
				6E2538712656941E00439E8E /* WriteNewStockTypeViewController.swift */,
				6EF960E72658EAB2003BD2BF /* WriteNewStockTypeReactor.swift */,
			);
			path = "write-new";
			sourceTree = "<group>";
		};
		6E480459266513A100BF5E44 /* domestic */ = {
			isa = PBXGroup;
			children = (
				6ED56BA72661C8080057A90F /* DomesticDetailView.swift */,
				6ED56BA92661C9670057A90F /* DomesticDetailViewController.swift */,
				6EC14AEA2662637E0054A1CD /* DomesticDetailReactor.swift */,
			);
			path = domestic;
			sourceTree = "<group>";
		};
		6E4F5D942657E75D0061A13C /* search-stock */ = {
			isa = PBXGroup;
			children = (
				6E4F5D972657E8190061A13C /* subviews */,
				6E4F5D952657E7780061A13C /* SearchStockView.swift */,
				6E4F5D9A2657EB6C0061A13C /* SearchStockViewController.swift */,
				6EE19C0A265A4F9D0023B0F5 /* SearchStockReactor.swift */,
			);
			path = "search-stock";
			sourceTree = "<group>";
		};
		6E4F5D972657E8190061A13C /* subviews */ = {
			isa = PBXGroup;
			children = (
				6E4F5D982657E8400061A13C /* SearchStockField.swift */,
				6E4F5D9C2657F66A0061A13C /* SearchStockTransition.swift */,
				6EE19C06265A37730023B0F5 /* SearchHistoryTableView.swift */,
				6EE19C08265A3E420023B0F5 /* SearchCell.swift */,
			);
			path = subviews;
			sourceTree = "<group>";
		};
		6E540A3C263BBF6300AAD4B0 /* shared */ = {
			isa = PBXGroup;
			children = (
				6E540A3D263BBF8E00AAD4B0 /* LargeButton.swift */,
				6EDADCB6264C1FF000D6D356 /* PaddingLabel.swift */,
			);
			path = shared;
			sourceTree = "<group>";
		};
		6E7ED81D26385F9A00DC0C10 /* sign-in */ = {
			isa = PBXGroup;
			children = (
				6E7ED81E26385FD400DC0C10 /* SignInView.swift */,
				6E4FE4A12638625B00103948 /* SignInViewController.swift */,
				6E4FE4A32638655B00103948 /* SignInReactor.swift */,
			);
			path = "sign-in";
			sourceTree = "<group>";
		};
		6E801CC2262C1C260081E68A /* home */ = {
			isa = PBXGroup;
			children = (
				6E4538802655194A000CFC0F /* write-new */,
				6E45387F265516F1000CFC0F /* write-menu */,
				6ED95A84264ACB9100853CA3 /* subview */,
				6E801CC3262C1C2E0081E68A /* HomeViewController.swift */,
				6E801CC8262C1C6E0081E68A /* HomeView.swift */,
				6E801CDE262C22240081E68A /* HomeReactor.swift */,
			);
			path = home;
			sourceTree = "<group>";
		};
		6E801CD0262C1D790081E68A /* extensions */ = {
			isa = PBXGroup;
			children = (
				6E801CD1262C1D810081E68A /* UIViewExtensions.swift */,
				6E40DDFB263448060003E4AD /* UIImageExtensions.swift */,
				6E81759426382B680050FFC7 /* UIColorExtensions.swift */,
				6E817596263835390050FFC7 /* UIFontExtensions.swift */,
				6EABBADF263AD2DE00ACC332 /* StringExtensions.swift */,
				6E5A3A22263D9B2700B46EAF /* HTTPURLResponseExtensions.swift */,
				6E5A3A24263D9C7C00B46EAF /* ObservableExtensions.swift */,
			);
			path = extensions;
			sourceTree = "<group>";
		};
		6E817598263836A20050FFC7 /* resource */ = {
			isa = PBXGroup;
			children = (
				6E817599263836EE0050FFC7 /* font */,
				6EABBADE263AD2C900ACC332 /* Localization.strings */,
			);
			path = resource;
			sourceTree = "<group>";
		};
		6E817599263836EE0050FFC7 /* font */ = {
			isa = PBXGroup;
			children = (
				6E81759A263837330050FFC7 /* SpoqaHanSansNeo-Bold.ttf */,
				6E81759C263837AD0050FFC7 /* SpoqaHanSansNeo-Light.ttf */,
				6E81759E263838140050FFC7 /* SpoqaHanSansNeo-Medium.ttf */,
				6E8175A0263838910050FFC7 /* SpoqaHanSansNeo-Regular.ttf */,
			);
			path = font;
			sourceTree = "<group>";
		};
		6EABBACB263A94E700ACC332 /* models */ = {
			isa = PBXGroup;
			children = (
				6EABBACC263A950500ACC332 /* AuthRequest.swift */,
				6EABBACE263A954100ACC332 /* SocialType.swift */,
				6EABBAD0263A95DE00ACC332 /* CommonError.swift */,
				6E166315263D306600A35C9F /* ResponseContainer.swift */,
				6E16631A263D30B600A35C9F /* AuthResponse.swift */,
				6E16632A263D3CC200A35C9F /* APIResult.swift */,
				6E9429EE26403BC2005AAC78 /* HTTPError.swift */,
				6E25387826569A5700439E8E /* StockType.swift */,
				6EE19C0E265A50A30023B0F5 /* Stock.swift */,
				6E3692F72663908C009A83DF /* StockInfo.swift */,
				6E3692F9266390C2009A83DF /* CurrencyType.swift */,
				6E3692FB26639BB6009A83DF /* WriteStockReqeust.swift */,
			);
			path = models;
			sourceTree = "<group>";
		};
		6EABBAD2263AA03A00ACC332 /* managers */ = {
			isa = PBXGroup;
			children = (
				6EABBAD9263AD26900ACC332 /* sign-in */,
			);
			path = managers;
			sourceTree = "<group>";
		};
		6EABBAD9263AD26900ACC332 /* sign-in */ = {
			isa = PBXGroup;
			children = (
				6EABBAD4263AC73800ACC332 /* SignInManagerProtocol.swift */,
				6E6E6DF62639AFF70061AB4A /* KakaoSignInManager.swift */,
				6E6E6DF82639B1320061AB4A /* AppleSignInManager.swift */,
			);
			path = "sign-in";
			sourceTree = "<group>";
		};
		6EABBAE1263AF58A00ACC332 /* membership */ = {
			isa = PBXGroup;
			children = (
				6EABBAE2263AF59100ACC332 /* sign-up */,
				6E7ED81D26385F9A00DC0C10 /* sign-in */,
			);
			path = membership;
			sourceTree = "<group>";
		};
		6EABBAE2263AF59100ACC332 /* sign-up */ = {
			isa = PBXGroup;
			children = (
				6EABBAE3263AF5B500ACC332 /* SignUpView.swift */,
				6EABBAE5263AFED300ACC332 /* SignUpViewController.swift */,
				6EE5C2C0263BC878001D47B8 /* SignUpReactor.swift */,
				6EE5C2C4263BDA34001D47B8 /* AlreadyExistedNicknameView.swift */,
			);
			path = "sign-up";
			sourceTree = "<group>";
		};
		6ED56BA62661C7DB0057A90F /* write-detail */ = {
			isa = PBXGroup;
			children = (
				6E480459266513A100BF5E44 /* domestic */,
				6E2B9C842661EEF600734784 /* subviews */,
				6E48045A2665151B00BF5E44 /* DetailAlertView.swift */,
				6E48045C2665208100BF5E44 /* DetailAlertViewController.swift */,
			);
			path = "write-detail";
			sourceTree = "<group>";
		};
		6ED95A84264ACB9100853CA3 /* subview */ = {
			isa = PBXGroup;
			children = (
				6ED95A85264ACCAA00853CA3 /* HomeOverview.swift */,
				6ED95A87264AD57A00853CA3 /* YoungchanView.swift */,
				6EDADCB8264C2B9A00D6D356 /* EmptyOverviewButton.swift */,
				6E2F82B6264CD48300539D8A /* HomeInvestByCategoryView.swift */,
				6E2F82B8264CD63700539D8A /* InvestByCategoryButton.swift */,
				6E475841264D566F003E16C5 /* DashBoardView.swift */,
			);
			path = subview;
			sourceTree = "<group>";
		};
		87FCFDC4CDCDE6F10EB1AB73 /* Frameworks */ = {
			isa = PBXGroup;
			children = (
				E0A99F53BEF14AA289056FC2 /* Pods_9th_muyaho_iOS.framework */,
				142F235D39B5272294793A7A /* Pods_9th_muyaho_iOS_9th_muyaho_iOSUITests.framework */,
				FC2548F9F95CFE9F9A594D89 /* Pods_9th_muyaho_iOSTests.framework */,
			);
			name = Frameworks;
			sourceTree = "<group>";
		};
		A5754B3E2625B6C200B6E8A1 = {
			isa = PBXGroup;
			children = (
				A5754B492625B6C200B6E8A1 /* 9th_muyaho_iOS */,
				A5754B602625B6C500B6E8A1 /* 9th_muyaho_iOSTests */,
				A5754B6B2625B6C500B6E8A1 /* 9th_muyaho_iOSUITests */,
				A5754B482625B6C200B6E8A1 /* Products */,
				D832443F51FC385EB486FBCD /* Pods */,
				87FCFDC4CDCDE6F10EB1AB73 /* Frameworks */,
			);
			sourceTree = "<group>";
		};
		A5754B482625B6C200B6E8A1 /* Products */ = {
			isa = PBXGroup;
			children = (
				A5754B472625B6C200B6E8A1 /* 9th_muyaho_iOS.app */,
				A5754B5D2625B6C500B6E8A1 /* 9th_muyaho_iOSTests.xctest */,
				A5754B682625B6C500B6E8A1 /* 9th_muyaho_iOSUITests.xctest */,
			);
			name = Products;
			sourceTree = "<group>";
		};
		A5754B492625B6C200B6E8A1 /* 9th_muyaho_iOS */ = {
			isa = PBXGroup;
			children = (
				6E166307263D2CFB00A35C9F /* utils */,
				6E166306263D2CC300A35C9F /* services */,
				6EABBAD2263AA03A00ACC332 /* managers */,
				6EABBACB263A94E700ACC332 /* models */,
				6EF07EFF26393349004FBE8F /* 9th_muyaho_iOS.entitlements */,
				6E817598263836A20050FFC7 /* resource */,
				6E801CD0262C1D790081E68A /* extensions */,
				A5754BA32625BB6200B6E8A1 /* features */,
				A5754B4A2625B6C200B6E8A1 /* AppDelegate.swift */,
				A5754B4C2625B6C200B6E8A1 /* SceneDelegate.swift */,
				A5754B532625B6C400B6E8A1 /* Assets.xcassets */,
				A5754B552625B6C400B6E8A1 /* LaunchScreen.storyboard */,
				A5754B582625B6C400B6E8A1 /* Info.plist */,
			);
			path = 9th_muyaho_iOS;
			sourceTree = "<group>";
		};
		A5754B602625B6C500B6E8A1 /* 9th_muyaho_iOSTests */ = {
			isa = PBXGroup;
			children = (
				A5754B612625B6C500B6E8A1 /* _th_muyaho_iOSTests.swift */,
				A5754B632625B6C500B6E8A1 /* Info.plist */,
			);
			path = 9th_muyaho_iOSTests;
			sourceTree = "<group>";
		};
		A5754B6B2625B6C500B6E8A1 /* 9th_muyaho_iOSUITests */ = {
			isa = PBXGroup;
			children = (
				A5754B6C2625B6C500B6E8A1 /* _th_muyaho_iOSUITests.swift */,
				A5754B6E2625B6C500B6E8A1 /* Info.plist */,
			);
			path = 9th_muyaho_iOSUITests;
			sourceTree = "<group>";
		};
		A5754BA32625BB6200B6E8A1 /* features */ = {
			isa = PBXGroup;
			children = (
				A58C2B70265806C100CEEE8C /* calculator */,
				6E540A3C263BBF6300AAD4B0 /* shared */,
				6EABBAE1263AF58A00ACC332 /* membership */,
				6E801CC2262C1C260081E68A /* home */,
				A5EBC43626475EA300876352 /* myPage */,
				A5754BAD2625BC2100B6E8A1 /* base */,
				A5754BA42625BB7000B6E8A1 /* tabbar */,
			);
			path = features;
			sourceTree = "<group>";
		};
		A5754BA42625BB7000B6E8A1 /* tabbar */ = {
			isa = PBXGroup;
			children = (
				A5754BA52625BBD100B6E8A1 /* MainTabBerController.swift */,
			);
			path = tabbar;
			sourceTree = "<group>";
		};
		A5754BAD2625BC2100B6E8A1 /* base */ = {
			isa = PBXGroup;
			children = (
				A5754BAE2625BC6B00B6E8A1 /* BaseView.swift */,
				A5754BB62625BD8900B6E8A1 /* BaseViewController.swift */,
				A5754BBB2625BE4B00B6E8A1 /* BaseTableViewCell.swift */,
				6E744C5F26416FA600AB9054 /* BaseReactorProtocol.swift */,
			);
			path = base;
			sourceTree = "<group>";
		};
		A58C2B70265806C100CEEE8C /* calculator */ = {
			isa = PBXGroup;
			children = (
				A58C2BBA2658942800CEEE8C /* Extentions */,
				A58C2BA2265892E600CEEE8C /* Views */,
				A58C2BA1265892DC00CEEE8C /* Cells */,
				A58C2B742658072000CEEE8C /* CalculatorViewController.swift */,
				A58C2B792658074300CEEE8C /* CalculatorView.swift */,
				A58C2B7E2658076400CEEE8C /* CalculatorReactor.swift */,
			);
			path = calculator;
			sourceTree = "<group>";
		};
		A58C2BA1265892DC00CEEE8C /* Cells */ = {
			isa = PBXGroup;
			children = (
				A58C2BAC2658937100CEEE8C /* CustomCell.swift */,
				A58C2BAD2658937100CEEE8C /* CustomCell.xib */,
				A58C2BB32658938100CEEE8C /* PageCell.swift */,
				A58C2BB42658938100CEEE8C /* PageCell.xib */,
				A58C2BD92658C7C800CEEE8C /* ProfitrateCell.swift */,
				A58C2BDA2658C7C800CEEE8C /* ProfitrateCell.xib */,
				A58C2BE02659DDF700CEEE8C /* WaterrideCell.swift */,
				A58C2BE12659DDF700CEEE8C /* WaterrideCell.xib */,
				A58C2BE72659DE1100CEEE8C /* HistoryCell.swift */,
				A58C2BE82659DE1100CEEE8C /* HistoryCell.xib */,
			);
			path = Cells;
			sourceTree = "<group>";
		};
		A58C2BA2265892E600CEEE8C /* Views */ = {
			isa = PBXGroup;
			children = (
				A58C2B9C265892B200CEEE8C /* CustomMenuBar.swift */,
			);
			path = Views;
			sourceTree = "<group>";
		};
		A58C2BBA2658942800CEEE8C /* Extentions */ = {
			isa = PBXGroup;
			children = (
				A58C2BBB2658944400CEEE8C /* NSObject + reusableIdentifier.swift */,
			);
			path = Extentions;
			sourceTree = "<group>";
		};
		A5EBC43626475EA300876352 /* myPage */ = {
			isa = PBXGroup;
			children = (
				A5EBC43726475F2200876352 /* MyPageViewController.swift */,
				A5EBC4442647608400876352 /* MyPageView.swift */,
				A5EBC449264760F200876352 /* MyPageReactor.swift */,
			);
			path = myPage;
			sourceTree = "<group>";
		};
		D832443F51FC385EB486FBCD /* Pods */ = {
			isa = PBXGroup;
			children = (
				4FDA26644E22F62978D83FBA /* Pods-9th_muyaho_iOS.debug.xcconfig */,
				A57283C4AA526D18F7C7023E /* Pods-9th_muyaho_iOS.release.xcconfig */,
				EDE242BEDD8AE9165558401E /* Pods-9th_muyaho_iOS-9th_muyaho_iOSUITests.debug.xcconfig */,
				8A5B3A6B5E869E13AFFE890C /* Pods-9th_muyaho_iOS-9th_muyaho_iOSUITests.release.xcconfig */,
				4EA2ABCB9DE75C662E452F1D /* Pods-9th_muyaho_iOSTests.debug.xcconfig */,
				78331A75FFCFDE917BECB028 /* Pods-9th_muyaho_iOSTests.release.xcconfig */,
			);
			path = Pods;
			sourceTree = "<group>";
		};
/* End PBXGroup section */

/* Begin PBXNativeTarget section */
		A5754B462625B6C200B6E8A1 /* 9th_muyaho_iOS */ = {
			isa = PBXNativeTarget;
			buildConfigurationList = A5754B712625B6C500B6E8A1 /* Build configuration list for PBXNativeTarget "9th_muyaho_iOS" */;
			buildPhases = (
				E0647E4BD103CF6BEC879EA5 /* [CP] Check Pods Manifest.lock */,
				A5754B432625B6C200B6E8A1 /* Sources */,
				A5754B442625B6C200B6E8A1 /* Frameworks */,
				A5754B452625B6C200B6E8A1 /* Resources */,
				215DC6829D81B166B0D8978D /* [CP] Embed Pods Frameworks */,
			);
			buildRules = (
			);
			dependencies = (
			);
			name = 9th_muyaho_iOS;
			productName = 9th_muyaho_iOS;
			productReference = A5754B472625B6C200B6E8A1 /* 9th_muyaho_iOS.app */;
			productType = "com.apple.product-type.application";
		};
		A5754B5C2625B6C500B6E8A1 /* 9th_muyaho_iOSTests */ = {
			isa = PBXNativeTarget;
			buildConfigurationList = A5754B742625B6C500B6E8A1 /* Build configuration list for PBXNativeTarget "9th_muyaho_iOSTests" */;
			buildPhases = (
				03DF2756038D0F05CE772632 /* [CP] Check Pods Manifest.lock */,
				A5754B592625B6C500B6E8A1 /* Sources */,
				A5754B5A2625B6C500B6E8A1 /* Frameworks */,
				A5754B5B2625B6C500B6E8A1 /* Resources */,
			);
			buildRules = (
			);
			dependencies = (
				A5754B5F2625B6C500B6E8A1 /* PBXTargetDependency */,
			);
			name = 9th_muyaho_iOSTests;
			productName = 9th_muyaho_iOSTests;
			productReference = A5754B5D2625B6C500B6E8A1 /* 9th_muyaho_iOSTests.xctest */;
			productType = "com.apple.product-type.bundle.unit-test";
		};
		A5754B672625B6C500B6E8A1 /* 9th_muyaho_iOSUITests */ = {
			isa = PBXNativeTarget;
			buildConfigurationList = A5754B772625B6C500B6E8A1 /* Build configuration list for PBXNativeTarget "9th_muyaho_iOSUITests" */;
			buildPhases = (
				5FD7D86F68F634BCF30D975C /* [CP] Check Pods Manifest.lock */,
				A5754B642625B6C500B6E8A1 /* Sources */,
				A5754B652625B6C500B6E8A1 /* Frameworks */,
				A5754B662625B6C500B6E8A1 /* Resources */,
				481F00B964A6F8976983FCD0 /* [CP] Embed Pods Frameworks */,
			);
			buildRules = (
			);
			dependencies = (
				A5754B6A2625B6C500B6E8A1 /* PBXTargetDependency */,
			);
			name = 9th_muyaho_iOSUITests;
			productName = 9th_muyaho_iOSUITests;
			productReference = A5754B682625B6C500B6E8A1 /* 9th_muyaho_iOSUITests.xctest */;
			productType = "com.apple.product-type.bundle.ui-testing";
		};
/* End PBXNativeTarget section */

/* Begin PBXProject section */
		A5754B3F2625B6C200B6E8A1 /* Project object */ = {
			isa = PBXProject;
			attributes = {
				LastSwiftUpdateCheck = 1240;
				LastUpgradeCheck = 1240;
				TargetAttributes = {
					A5754B462625B6C200B6E8A1 = {
						CreatedOnToolsVersion = 12.4;
					};
					A5754B5C2625B6C500B6E8A1 = {
						CreatedOnToolsVersion = 12.4;
						TestTargetID = A5754B462625B6C200B6E8A1;
					};
					A5754B672625B6C500B6E8A1 = {
						CreatedOnToolsVersion = 12.4;
						TestTargetID = A5754B462625B6C200B6E8A1;
					};
				};
			};
			buildConfigurationList = A5754B422625B6C200B6E8A1 /* Build configuration list for PBXProject "9th_muyaho_iOS" */;
			compatibilityVersion = "Xcode 9.3";
			developmentRegion = en;
			hasScannedForEncodings = 0;
			knownRegions = (
				en,
				Base,
			);
			mainGroup = A5754B3E2625B6C200B6E8A1;
			productRefGroup = A5754B482625B6C200B6E8A1 /* Products */;
			projectDirPath = "";
			projectRoot = "";
			targets = (
				A5754B462625B6C200B6E8A1 /* 9th_muyaho_iOS */,
				A5754B5C2625B6C500B6E8A1 /* 9th_muyaho_iOSTests */,
				A5754B672625B6C500B6E8A1 /* 9th_muyaho_iOSUITests */,
			);
		};
/* End PBXProject section */

/* Begin PBXResourcesBuildPhase section */
		A5754B452625B6C200B6E8A1 /* Resources */ = {
			isa = PBXResourcesBuildPhase;
			buildActionMask = 2147483647;
			files = (
				6E81759D263837AD0050FFC7 /* SpoqaHanSansNeo-Light.ttf in Resources */,
				A5754B572625B6C400B6E8A1 /* LaunchScreen.storyboard in Resources */,
				A58C2BAF2658937100CEEE8C /* CustomCell.xib in Resources */,
				A58C2BDC2658C7C800CEEE8C /* ProfitrateCell.xib in Resources */,
				6EABBADC263AD2C900ACC332 /* Localization.strings in Resources */,
				6E81759B263837330050FFC7 /* SpoqaHanSansNeo-Bold.ttf in Resources */,
				A58C2BB62658938100CEEE8C /* PageCell.xib in Resources */,
				A58C2BE32659DDF700CEEE8C /* WaterrideCell.xib in Resources */,
				6E81759F263838140050FFC7 /* SpoqaHanSansNeo-Medium.ttf in Resources */,
				6E8175A1263838910050FFC7 /* SpoqaHanSansNeo-Regular.ttf in Resources */,
				A58C2BEA2659DE1100CEEE8C /* HistoryCell.xib in Resources */,
				A5754B542625B6C400B6E8A1 /* Assets.xcassets in Resources */,
			);
			runOnlyForDeploymentPostprocessing = 0;
		};
		A5754B5B2625B6C500B6E8A1 /* Resources */ = {
			isa = PBXResourcesBuildPhase;
			buildActionMask = 2147483647;
			files = (
			);
			runOnlyForDeploymentPostprocessing = 0;
		};
		A5754B662625B6C500B6E8A1 /* Resources */ = {
			isa = PBXResourcesBuildPhase;
			buildActionMask = 2147483647;
			files = (
			);
			runOnlyForDeploymentPostprocessing = 0;
		};
/* End PBXResourcesBuildPhase section */

/* Begin PBXShellScriptBuildPhase section */
		03DF2756038D0F05CE772632 /* [CP] Check Pods Manifest.lock */ = {
			isa = PBXShellScriptBuildPhase;
			buildActionMask = 2147483647;
			files = (
			);
			inputFileListPaths = (
			);
			inputPaths = (
				"${PODS_PODFILE_DIR_PATH}/Podfile.lock",
				"${PODS_ROOT}/Manifest.lock",
			);
			name = "[CP] Check Pods Manifest.lock";
			outputFileListPaths = (
			);
			outputPaths = (
				"$(DERIVED_FILE_DIR)/Pods-9th_muyaho_iOSTests-checkManifestLockResult.txt",
			);
			runOnlyForDeploymentPostprocessing = 0;
			shellPath = /bin/sh;
			shellScript = "diff \"${PODS_PODFILE_DIR_PATH}/Podfile.lock\" \"${PODS_ROOT}/Manifest.lock\" > /dev/null\nif [ $? != 0 ] ; then\n    # print error to STDERR\n    echo \"error: The sandbox is not in sync with the Podfile.lock. Run 'pod install' or update your CocoaPods installation.\" >&2\n    exit 1\nfi\n# This output is used by Xcode 'outputs' to avoid re-running this script phase.\necho \"SUCCESS\" > \"${SCRIPT_OUTPUT_FILE_0}\"\n";
			showEnvVarsInLog = 0;
		};
		215DC6829D81B166B0D8978D /* [CP] Embed Pods Frameworks */ = {
			isa = PBXShellScriptBuildPhase;
			buildActionMask = 2147483647;
			files = (
			);
			inputFileListPaths = (
				"${PODS_ROOT}/Target Support Files/Pods-9th_muyaho_iOS/Pods-9th_muyaho_iOS-frameworks-${CONFIGURATION}-input-files.xcfilelist",
			);
			name = "[CP] Embed Pods Frameworks";
			outputFileListPaths = (
				"${PODS_ROOT}/Target Support Files/Pods-9th_muyaho_iOS/Pods-9th_muyaho_iOS-frameworks-${CONFIGURATION}-output-files.xcfilelist",
			);
			runOnlyForDeploymentPostprocessing = 0;
			shellPath = /bin/sh;
			shellScript = "\"${PODS_ROOT}/Target Support Files/Pods-9th_muyaho_iOS/Pods-9th_muyaho_iOS-frameworks.sh\"\n";
			showEnvVarsInLog = 0;
		};
		481F00B964A6F8976983FCD0 /* [CP] Embed Pods Frameworks */ = {
			isa = PBXShellScriptBuildPhase;
			buildActionMask = 2147483647;
			files = (
			);
			inputFileListPaths = (
				"${PODS_ROOT}/Target Support Files/Pods-9th_muyaho_iOS-9th_muyaho_iOSUITests/Pods-9th_muyaho_iOS-9th_muyaho_iOSUITests-frameworks-${CONFIGURATION}-input-files.xcfilelist",
			);
			name = "[CP] Embed Pods Frameworks";
			outputFileListPaths = (
				"${PODS_ROOT}/Target Support Files/Pods-9th_muyaho_iOS-9th_muyaho_iOSUITests/Pods-9th_muyaho_iOS-9th_muyaho_iOSUITests-frameworks-${CONFIGURATION}-output-files.xcfilelist",
			);
			runOnlyForDeploymentPostprocessing = 0;
			shellPath = /bin/sh;
			shellScript = "\"${PODS_ROOT}/Target Support Files/Pods-9th_muyaho_iOS-9th_muyaho_iOSUITests/Pods-9th_muyaho_iOS-9th_muyaho_iOSUITests-frameworks.sh\"\n";
			showEnvVarsInLog = 0;
		};
		5FD7D86F68F634BCF30D975C /* [CP] Check Pods Manifest.lock */ = {
			isa = PBXShellScriptBuildPhase;
			buildActionMask = 2147483647;
			files = (
			);
			inputFileListPaths = (
			);
			inputPaths = (
				"${PODS_PODFILE_DIR_PATH}/Podfile.lock",
				"${PODS_ROOT}/Manifest.lock",
			);
			name = "[CP] Check Pods Manifest.lock";
			outputFileListPaths = (
			);
			outputPaths = (
				"$(DERIVED_FILE_DIR)/Pods-9th_muyaho_iOS-9th_muyaho_iOSUITests-checkManifestLockResult.txt",
			);
			runOnlyForDeploymentPostprocessing = 0;
			shellPath = /bin/sh;
			shellScript = "diff \"${PODS_PODFILE_DIR_PATH}/Podfile.lock\" \"${PODS_ROOT}/Manifest.lock\" > /dev/null\nif [ $? != 0 ] ; then\n    # print error to STDERR\n    echo \"error: The sandbox is not in sync with the Podfile.lock. Run 'pod install' or update your CocoaPods installation.\" >&2\n    exit 1\nfi\n# This output is used by Xcode 'outputs' to avoid re-running this script phase.\necho \"SUCCESS\" > \"${SCRIPT_OUTPUT_FILE_0}\"\n";
			showEnvVarsInLog = 0;
		};
		E0647E4BD103CF6BEC879EA5 /* [CP] Check Pods Manifest.lock */ = {
			isa = PBXShellScriptBuildPhase;
			buildActionMask = 2147483647;
			files = (
			);
			inputFileListPaths = (
			);
			inputPaths = (
				"${PODS_PODFILE_DIR_PATH}/Podfile.lock",
				"${PODS_ROOT}/Manifest.lock",
			);
			name = "[CP] Check Pods Manifest.lock";
			outputFileListPaths = (
			);
			outputPaths = (
				"$(DERIVED_FILE_DIR)/Pods-9th_muyaho_iOS-checkManifestLockResult.txt",
			);
			runOnlyForDeploymentPostprocessing = 0;
			shellPath = /bin/sh;
			shellScript = "diff \"${PODS_PODFILE_DIR_PATH}/Podfile.lock\" \"${PODS_ROOT}/Manifest.lock\" > /dev/null\nif [ $? != 0 ] ; then\n    # print error to STDERR\n    echo \"error: The sandbox is not in sync with the Podfile.lock. Run 'pod install' or update your CocoaPods installation.\" >&2\n    exit 1\nfi\n# This output is used by Xcode 'outputs' to avoid re-running this script phase.\necho \"SUCCESS\" > \"${SCRIPT_OUTPUT_FILE_0}\"\n";
			showEnvVarsInLog = 0;
		};
/* End PBXShellScriptBuildPhase section */

/* Begin PBXSourcesBuildPhase section */
		A5754B432625B6C200B6E8A1 /* Sources */ = {
			isa = PBXSourcesBuildPhase;
			buildActionMask = 2147483647;
			files = (
				A58C2BAE2658937100CEEE8C /* CustomCell.swift in Sources */,
				6E25387B2656A3A100439E8E /* StockSearchButton.swift in Sources */,
				A5754B4B2625B6C200B6E8A1 /* AppDelegate.swift in Sources */,
				A5EBC44A264760F200876352 /* MyPageReactor.swift in Sources */,
				6E40DDFC263448060003E4AD /* UIImageExtensions.swift in Sources */,
				A5EBC4452647608400876352 /* MyPageView.swift in Sources */,
				6E744C6026416FA600AB9054 /* BaseReactorProtocol.swift in Sources */,
				6E4F5D9D2657F66A0061A13C /* SearchStockTransition.swift in Sources */,
				6EABBAD1263A95DE00ACC332 /* CommonError.swift in Sources */,
				6EC14AEB2662637E0054A1CD /* DomesticDetailReactor.swift in Sources */,
				6E166320263D34FA00A35C9F /* JsonUtils.swift in Sources */,
				6E40DDFC263448060003E4AD /* UIImageExtensions.swift in Sources */,
				6E3692FA266390C2009A83DF /* CurrencyType.swift in Sources */,
				A58C2BE92659DE1100CEEE8C /* HistoryCell.swift in Sources */,
				6E166316263D306600A35C9F /* ResponseContainer.swift in Sources */,
				6E6E6DF92639B1320061AB4A /* AppleSignInManager.swift in Sources */,
				6EE19C07265A37730023B0F5 /* SearchHistoryTableView.swift in Sources */,
				6E2B9C862661EF1400734784 /* DeletableInputField.swift in Sources */,
				6E25387926569A5700439E8E /* StockType.swift in Sources */,
				6EABBAE6263AFED300ACC332 /* SignUpViewController.swift in Sources */,
				6ED56BA82661C8080057A90F /* DomesticDetailView.swift in Sources */,
				6E5A3A27263DA1E700B46EAF /* NetworkActivityLogger.swift in Sources */,
				6E48045B2665151B00BF5E44 /* DetailAlertView.swift in Sources */,
				6EABBAE4263AF5B500ACC332 /* SignUpView.swift in Sources */,
				A58C2B7A2658074300CEEE8C /* CalculatorView.swift in Sources */,
				6E48045D2665208100BF5E44 /* DetailAlertViewController.swift in Sources */,
				6E817597263835390050FFC7 /* UIFontExtensions.swift in Sources */,
				6EE5C2C1263BC878001D47B8 /* SignUpReactor.swift in Sources */,
				6EABBAD5263AC73800ACC332 /* SignInManagerProtocol.swift in Sources */,
				A58C2BBC2658944400CEEE8C /* NSObject + reusableIdentifier.swift in Sources */,
				6E2F82B9264CD63700539D8A /* InvestByCategoryButton.swift in Sources */,
				6E16630E263D2D8400A35C9F /* MembershipServices.swift in Sources */,
				6EABBACF263A954100ACC332 /* SocialType.swift in Sources */,
				A5754BAF2625BC6B00B6E8A1 /* BaseView.swift in Sources */,
				6E81759526382B680050FFC7 /* UIColorExtensions.swift in Sources */,
				6ED95A86264ACCAA00853CA3 /* HomeOverview.swift in Sources */,
				6E16631B263D30B600A35C9F /* AuthResponse.swift in Sources */,
				A58C2B752658072000CEEE8C /* CalculatorViewController.swift in Sources */,
				A58C2B9D265892B200CEEE8C /* CustomMenuBar.swift in Sources */,
				6E3692F82663908C009A83DF /* StockInfo.swift in Sources */,
				A5754BA62625BBD100B6E8A1 /* MainTabBerController.swift in Sources */,
				6E4FE4A42638655B00103948 /* SignInReactor.swift in Sources */,
				6E45387C26550966000CFC0F /* WriteMenuView.swift in Sources */,
				6E2538752656964C00439E8E /* StockTypeButton.swift in Sources */,
				6EDADCB9264C2B9A00D6D356 /* EmptyOverviewButton.swift in Sources */,
				6E4F5D992657E8400061A13C /* SearchStockField.swift in Sources */,
				A5754BBC2625BE4B00B6E8A1 /* BaseTableViewCell.swift in Sources */,
				A5754B4D2625B6C200B6E8A1 /* SceneDelegate.swift in Sources */,
				6ED95A88264AD57A00853CA3 /* YoungchanView.swift in Sources */,
				6E166309263D2D1400A35C9F /* HTTPUtils.swift in Sources */,
				6EF960E82658EAB2003BD2BF /* WriteNewStockTypeReactor.swift in Sources */,
				6E4FE4A22638625B00103948 /* SignInViewController.swift in Sources */,
				6EE19C09265A3E420023B0F5 /* SearchCell.swift in Sources */,
				A58C2BE22659DDF700CEEE8C /* WaterrideCell.swift in Sources */,
				6E7ED81F26385FD400DC0C10 /* SignInView.swift in Sources */,
				A58C2BDB2658C7C800CEEE8C /* ProfitrateCell.swift in Sources */,
				6E5A3A23263D9B2700B46EAF /* HTTPURLResponseExtensions.swift in Sources */,
				6E5DECFC26423D080005487F /* AlertUtils.swift in Sources */,
				6E801CC9262C1C6E0081E68A /* HomeView.swift in Sources */,
				6ED56BAA2661C9670057A90F /* DomesticDetailViewController.swift in Sources */,
				A5EBC43826475F2200876352 /* MyPageViewController.swift in Sources */,
				6EE19C0B265A4F9D0023B0F5 /* SearchStockReactor.swift in Sources */,
				6E45387E26550D16000CFC0F /* WriteMenuViewController.swift in Sources */,
				6E2538722656941E00439E8E /* WriteNewStockTypeViewController.swift in Sources */,
				6E9429EF26403BC2005AAC78 /* HTTPError.swift in Sources */,
				6E475842264D566F003E16C5 /* DashBoardView.swift in Sources */,
				6EE19C0F265A50A30023B0F5 /* Stock.swift in Sources */,
				6E801CDF262C22240081E68A /* HomeReactor.swift in Sources */,
				6E3692FC26639BB6009A83DF /* WriteStockReqeust.swift in Sources */,
				6EE19C0D265A504D0023B0F5 /* StockServices.swift in Sources */,
				A58C2B7F2658076400CEEE8C /* CalculatorReactor.swift in Sources */,
				6EDADCB7264C1FF000D6D356 /* PaddingLabel.swift in Sources */,
				6E540A3E263BBF8E00AAD4B0 /* LargeButton.swift in Sources */,
				6E2F82B7264CD48300539D8A /* HomeInvestByCategoryView.swift in Sources */,
				6EE5C2C5263BDA34001D47B8 /* AlreadyExistedNicknameView.swift in Sources */,
				6E744C5E2641546C00AB9054 /* UserDefaultsUtils.swift in Sources */,
				6E16632B263D3CC200A35C9F /* APIResult.swift in Sources */,
				6E4F5D962657E7780061A13C /* SearchStockView.swift in Sources */,
				6E4F5D9B2657EB6C0061A13C /* SearchStockViewController.swift in Sources */,
				6E6E6DF72639AFF70061AB4A /* KakaoSignInManager.swift in Sources */,
				6E5A3A25263D9C7C00B46EAF /* ObservableExtensions.swift in Sources */,
				6E801CC4262C1C2E0081E68A /* HomeViewController.swift in Sources */,
				6E45388226551A42000CFC0F /* WriteNewStockTypeView.swift in Sources */,
				6E2538772656980F00439E8E /* StockTypeRadioGroupView.swift in Sources */,
				6E801CD2262C1D810081E68A /* UIViewExtensions.swift in Sources */,
				6EABBAE0263AD2DE00ACC332 /* StringExtensions.swift in Sources */,
				A58C2BB52658938100CEEE8C /* PageCell.swift in Sources */,
				A5754BB72625BD8900B6E8A1 /* BaseViewController.swift in Sources */,
				6EABBACD263A950500ACC332 /* AuthRequest.swift in Sources */,
			);
			runOnlyForDeploymentPostprocessing = 0;
		};
		A5754B592625B6C500B6E8A1 /* Sources */ = {
			isa = PBXSourcesBuildPhase;
			buildActionMask = 2147483647;
			files = (
				A5754B622625B6C500B6E8A1 /* _th_muyaho_iOSTests.swift in Sources */,
			);
			runOnlyForDeploymentPostprocessing = 0;
		};
		A5754B642625B6C500B6E8A1 /* Sources */ = {
			isa = PBXSourcesBuildPhase;
			buildActionMask = 2147483647;
			files = (
				A5754B6D2625B6C500B6E8A1 /* _th_muyaho_iOSUITests.swift in Sources */,
			);
			runOnlyForDeploymentPostprocessing = 0;
		};
/* End PBXSourcesBuildPhase section */

/* Begin PBXTargetDependency section */
		A5754B5F2625B6C500B6E8A1 /* PBXTargetDependency */ = {
			isa = PBXTargetDependency;
			target = A5754B462625B6C200B6E8A1 /* 9th_muyaho_iOS */;
			targetProxy = A5754B5E2625B6C500B6E8A1 /* PBXContainerItemProxy */;
		};
		A5754B6A2625B6C500B6E8A1 /* PBXTargetDependency */ = {
			isa = PBXTargetDependency;
			target = A5754B462625B6C200B6E8A1 /* 9th_muyaho_iOS */;
			targetProxy = A5754B692625B6C500B6E8A1 /* PBXContainerItemProxy */;
		};
/* End PBXTargetDependency section */

/* Begin PBXVariantGroup section */
		6EABBADE263AD2C900ACC332 /* Localization.strings */ = {
			isa = PBXVariantGroup;
			children = (
				6EABBADD263AD2C900ACC332 /* en */,
			);
			name = Localization.strings;
			sourceTree = "<group>";
		};
		A5754B552625B6C400B6E8A1 /* LaunchScreen.storyboard */ = {
			isa = PBXVariantGroup;
			children = (
				A5754B562625B6C400B6E8A1 /* Base */,
			);
			name = LaunchScreen.storyboard;
			sourceTree = "<group>";
		};
/* End PBXVariantGroup section */

/* Begin XCBuildConfiguration section */
		A5754B6F2625B6C500B6E8A1 /* Debug */ = {
			isa = XCBuildConfiguration;
			buildSettings = {
				ALWAYS_SEARCH_USER_PATHS = NO;
				CLANG_ANALYZER_NONNULL = YES;
				CLANG_ANALYZER_NUMBER_OBJECT_CONVERSION = YES_AGGRESSIVE;
				CLANG_CXX_LANGUAGE_STANDARD = "gnu++14";
				CLANG_CXX_LIBRARY = "libc++";
				CLANG_ENABLE_MODULES = YES;
				CLANG_ENABLE_OBJC_ARC = YES;
				CLANG_ENABLE_OBJC_WEAK = YES;
				CLANG_WARN_BLOCK_CAPTURE_AUTORELEASING = YES;
				CLANG_WARN_BOOL_CONVERSION = YES;
				CLANG_WARN_COMMA = YES;
				CLANG_WARN_CONSTANT_CONVERSION = YES;
				CLANG_WARN_DEPRECATED_OBJC_IMPLEMENTATIONS = YES;
				CLANG_WARN_DIRECT_OBJC_ISA_USAGE = YES_ERROR;
				CLANG_WARN_DOCUMENTATION_COMMENTS = YES;
				CLANG_WARN_EMPTY_BODY = YES;
				CLANG_WARN_ENUM_CONVERSION = YES;
				CLANG_WARN_INFINITE_RECURSION = YES;
				CLANG_WARN_INT_CONVERSION = YES;
				CLANG_WARN_NON_LITERAL_NULL_CONVERSION = YES;
				CLANG_WARN_OBJC_IMPLICIT_RETAIN_SELF = YES;
				CLANG_WARN_OBJC_LITERAL_CONVERSION = YES;
				CLANG_WARN_OBJC_ROOT_CLASS = YES_ERROR;
				CLANG_WARN_QUOTED_INCLUDE_IN_FRAMEWORK_HEADER = YES;
				CLANG_WARN_RANGE_LOOP_ANALYSIS = YES;
				CLANG_WARN_STRICT_PROTOTYPES = YES;
				CLANG_WARN_SUSPICIOUS_MOVE = YES;
				CLANG_WARN_UNGUARDED_AVAILABILITY = YES_AGGRESSIVE;
				CLANG_WARN_UNREACHABLE_CODE = YES;
				CLANG_WARN__DUPLICATE_METHOD_MATCH = YES;
				COPY_PHASE_STRIP = NO;
				DEBUG_INFORMATION_FORMAT = dwarf;
				ENABLE_STRICT_OBJC_MSGSEND = YES;
				ENABLE_TESTABILITY = YES;
				GCC_C_LANGUAGE_STANDARD = gnu11;
				GCC_DYNAMIC_NO_PIC = NO;
				GCC_NO_COMMON_BLOCKS = YES;
				GCC_OPTIMIZATION_LEVEL = 0;
				GCC_PREPROCESSOR_DEFINITIONS = (
					"DEBUG=1",
					"$(inherited)",
				);
				GCC_WARN_64_TO_32_BIT_CONVERSION = YES;
				GCC_WARN_ABOUT_RETURN_TYPE = YES_ERROR;
				GCC_WARN_UNDECLARED_SELECTOR = YES;
				GCC_WARN_UNINITIALIZED_AUTOS = YES_AGGRESSIVE;
				GCC_WARN_UNUSED_FUNCTION = YES;
				GCC_WARN_UNUSED_VARIABLE = YES;
				IPHONEOS_DEPLOYMENT_TARGET = 14.4;
				MTL_ENABLE_DEBUG_INFO = INCLUDE_SOURCE;
				MTL_FAST_MATH = YES;
				ONLY_ACTIVE_ARCH = YES;
				SDKROOT = iphoneos;
				SWIFT_ACTIVE_COMPILATION_CONDITIONS = DEBUG;
				SWIFT_OPTIMIZATION_LEVEL = "-Onone";
			};
			name = Debug;
		};
		A5754B702625B6C500B6E8A1 /* Release */ = {
			isa = XCBuildConfiguration;
			buildSettings = {
				ALWAYS_SEARCH_USER_PATHS = NO;
				CLANG_ANALYZER_NONNULL = YES;
				CLANG_ANALYZER_NUMBER_OBJECT_CONVERSION = YES_AGGRESSIVE;
				CLANG_CXX_LANGUAGE_STANDARD = "gnu++14";
				CLANG_CXX_LIBRARY = "libc++";
				CLANG_ENABLE_MODULES = YES;
				CLANG_ENABLE_OBJC_ARC = YES;
				CLANG_ENABLE_OBJC_WEAK = YES;
				CLANG_WARN_BLOCK_CAPTURE_AUTORELEASING = YES;
				CLANG_WARN_BOOL_CONVERSION = YES;
				CLANG_WARN_COMMA = YES;
				CLANG_WARN_CONSTANT_CONVERSION = YES;
				CLANG_WARN_DEPRECATED_OBJC_IMPLEMENTATIONS = YES;
				CLANG_WARN_DIRECT_OBJC_ISA_USAGE = YES_ERROR;
				CLANG_WARN_DOCUMENTATION_COMMENTS = YES;
				CLANG_WARN_EMPTY_BODY = YES;
				CLANG_WARN_ENUM_CONVERSION = YES;
				CLANG_WARN_INFINITE_RECURSION = YES;
				CLANG_WARN_INT_CONVERSION = YES;
				CLANG_WARN_NON_LITERAL_NULL_CONVERSION = YES;
				CLANG_WARN_OBJC_IMPLICIT_RETAIN_SELF = YES;
				CLANG_WARN_OBJC_LITERAL_CONVERSION = YES;
				CLANG_WARN_OBJC_ROOT_CLASS = YES_ERROR;
				CLANG_WARN_QUOTED_INCLUDE_IN_FRAMEWORK_HEADER = YES;
				CLANG_WARN_RANGE_LOOP_ANALYSIS = YES;
				CLANG_WARN_STRICT_PROTOTYPES = YES;
				CLANG_WARN_SUSPICIOUS_MOVE = YES;
				CLANG_WARN_UNGUARDED_AVAILABILITY = YES_AGGRESSIVE;
				CLANG_WARN_UNREACHABLE_CODE = YES;
				CLANG_WARN__DUPLICATE_METHOD_MATCH = YES;
				COPY_PHASE_STRIP = NO;
				DEBUG_INFORMATION_FORMAT = "dwarf-with-dsym";
				ENABLE_NS_ASSERTIONS = NO;
				ENABLE_STRICT_OBJC_MSGSEND = YES;
				GCC_C_LANGUAGE_STANDARD = gnu11;
				GCC_NO_COMMON_BLOCKS = YES;
				GCC_WARN_64_TO_32_BIT_CONVERSION = YES;
				GCC_WARN_ABOUT_RETURN_TYPE = YES_ERROR;
				GCC_WARN_UNDECLARED_SELECTOR = YES;
				GCC_WARN_UNINITIALIZED_AUTOS = YES_AGGRESSIVE;
				GCC_WARN_UNUSED_FUNCTION = YES;
				GCC_WARN_UNUSED_VARIABLE = YES;
				IPHONEOS_DEPLOYMENT_TARGET = 14.4;
				MTL_ENABLE_DEBUG_INFO = NO;
				MTL_FAST_MATH = YES;
				SDKROOT = iphoneos;
				SWIFT_COMPILATION_MODE = wholemodule;
				SWIFT_OPTIMIZATION_LEVEL = "-O";
				VALIDATE_PRODUCT = YES;
			};
			name = Release;
		};
		A5754B722625B6C500B6E8A1 /* Debug */ = {
			isa = XCBuildConfiguration;
			baseConfigurationReference = 4FDA26644E22F62978D83FBA /* Pods-9th_muyaho_iOS.debug.xcconfig */;
			buildSettings = {
				API_URL = "http://muyaho-api-alb-302156047.ap-northeast-2.elb.amazonaws.com";
				ASSETCATALOG_COMPILER_APPICON_NAME = AppIcon;
				ASSETCATALOG_COMPILER_GLOBAL_ACCENT_COLOR_NAME = AccentColor;
				CODE_SIGN_ENTITLEMENTS = 9th_muyaho_iOS/9th_muyaho_iOS.entitlements;
				CODE_SIGN_IDENTITY = "Apple Development";
				CODE_SIGN_STYLE = Automatic;
				DEVELOPMENT_TEAM = X975A2HM62;
				INFOPLIST_FILE = 9th_muyaho_iOS/Info.plist;
				KAKAO_APP_KEY = 9d9d22a2c398477b218d7e70d58e04c5;
				LD_RUNPATH_SEARCH_PATHS = (
					"$(inherited)",
					"@executable_path/Frameworks",
				);
				PRODUCT_BUNDLE_IDENTIFIER = "com.depromeet.muyaho.-th-muyaho-iOS";
				PRODUCT_NAME = "$(TARGET_NAME)";
				PROVISIONING_PROFILE_SPECIFIER = "";
				SWIFT_VERSION = 5.0;
				TARGETED_DEVICE_FAMILY = "1,2";
			};
			name = Debug;
		};
		A5754B732625B6C500B6E8A1 /* Release */ = {
			isa = XCBuildConfiguration;
			baseConfigurationReference = A57283C4AA526D18F7C7023E /* Pods-9th_muyaho_iOS.release.xcconfig */;
			buildSettings = {
				API_URL = "http://muyaho-api-alb-302156047.ap-northeast-2.elb.amazonaws.com";
				ASSETCATALOG_COMPILER_APPICON_NAME = AppIcon;
				ASSETCATALOG_COMPILER_GLOBAL_ACCENT_COLOR_NAME = AccentColor;
				CODE_SIGN_ENTITLEMENTS = 9th_muyaho_iOS/9th_muyaho_iOS.entitlements;
				CODE_SIGN_IDENTITY = "Apple Development";
				CODE_SIGN_STYLE = Automatic;
				DEVELOPMENT_TEAM = X975A2HM62;
				INFOPLIST_FILE = 9th_muyaho_iOS/Info.plist;
				KAKAO_APP_KEY = 9d9d22a2c398477b218d7e70d58e04c5;
				LD_RUNPATH_SEARCH_PATHS = (
					"$(inherited)",
					"@executable_path/Frameworks",
				);
				PRODUCT_BUNDLE_IDENTIFIER = "com.depromeet.muyaho.-th-muyaho-iOS";
				PRODUCT_NAME = "$(TARGET_NAME)";
				PROVISIONING_PROFILE_SPECIFIER = "";
				SWIFT_VERSION = 5.0;
				TARGETED_DEVICE_FAMILY = "1,2";
			};
			name = Release;
		};
		A5754B752625B6C500B6E8A1 /* Debug */ = {
			isa = XCBuildConfiguration;
			baseConfigurationReference = 4EA2ABCB9DE75C662E452F1D /* Pods-9th_muyaho_iOSTests.debug.xcconfig */;
			buildSettings = {
				ALWAYS_EMBED_SWIFT_STANDARD_LIBRARIES = YES;
				BUNDLE_LOADER = "$(TEST_HOST)";
				CODE_SIGN_STYLE = Automatic;
				DEVELOPMENT_TEAM = QGAQ3AY3R3;
				INFOPLIST_FILE = 9th_muyaho_iOSTests/Info.plist;
				IPHONEOS_DEPLOYMENT_TARGET = 14.4;
				LD_RUNPATH_SEARCH_PATHS = (
					"$(inherited)",
					"@executable_path/Frameworks",
					"@loader_path/Frameworks",
				);
				PRODUCT_BUNDLE_IDENTIFIER = "com.depromeet.muyaho.-th-muyaho-iOSTests";
				PRODUCT_NAME = "$(TARGET_NAME)";
				SWIFT_VERSION = 5.0;
				TARGETED_DEVICE_FAMILY = "1,2";
				TEST_HOST = "$(BUILT_PRODUCTS_DIR)/9th_muyaho_iOS.app/9th_muyaho_iOS";
			};
			name = Debug;
		};
		A5754B762625B6C500B6E8A1 /* Release */ = {
			isa = XCBuildConfiguration;
			baseConfigurationReference = 78331A75FFCFDE917BECB028 /* Pods-9th_muyaho_iOSTests.release.xcconfig */;
			buildSettings = {
				ALWAYS_EMBED_SWIFT_STANDARD_LIBRARIES = YES;
				BUNDLE_LOADER = "$(TEST_HOST)";
				CODE_SIGN_STYLE = Automatic;
				DEVELOPMENT_TEAM = QGAQ3AY3R3;
				INFOPLIST_FILE = 9th_muyaho_iOSTests/Info.plist;
				IPHONEOS_DEPLOYMENT_TARGET = 14.4;
				LD_RUNPATH_SEARCH_PATHS = (
					"$(inherited)",
					"@executable_path/Frameworks",
					"@loader_path/Frameworks",
				);
				PRODUCT_BUNDLE_IDENTIFIER = "com.depromeet.muyaho.-th-muyaho-iOSTests";
				PRODUCT_NAME = "$(TARGET_NAME)";
				SWIFT_VERSION = 5.0;
				TARGETED_DEVICE_FAMILY = "1,2";
				TEST_HOST = "$(BUILT_PRODUCTS_DIR)/9th_muyaho_iOS.app/9th_muyaho_iOS";
			};
			name = Release;
		};
		A5754B782625B6C500B6E8A1 /* Debug */ = {
			isa = XCBuildConfiguration;
			baseConfigurationReference = EDE242BEDD8AE9165558401E /* Pods-9th_muyaho_iOS-9th_muyaho_iOSUITests.debug.xcconfig */;
			buildSettings = {
				ALWAYS_EMBED_SWIFT_STANDARD_LIBRARIES = YES;
				CODE_SIGN_STYLE = Automatic;
				DEVELOPMENT_TEAM = QGAQ3AY3R3;
				INFOPLIST_FILE = 9th_muyaho_iOSUITests/Info.plist;
				LD_RUNPATH_SEARCH_PATHS = (
					"$(inherited)",
					"@executable_path/Frameworks",
					"@loader_path/Frameworks",
				);
				PRODUCT_BUNDLE_IDENTIFIER = "com.depromeet.muyaho.-th-muyaho-iOSUITests";
				PRODUCT_NAME = "$(TARGET_NAME)";
				SWIFT_VERSION = 5.0;
				TARGETED_DEVICE_FAMILY = "1,2";
				TEST_TARGET_NAME = 9th_muyaho_iOS;
			};
			name = Debug;
		};
		A5754B792625B6C500B6E8A1 /* Release */ = {
			isa = XCBuildConfiguration;
			baseConfigurationReference = 8A5B3A6B5E869E13AFFE890C /* Pods-9th_muyaho_iOS-9th_muyaho_iOSUITests.release.xcconfig */;
			buildSettings = {
				ALWAYS_EMBED_SWIFT_STANDARD_LIBRARIES = YES;
				CODE_SIGN_STYLE = Automatic;
				DEVELOPMENT_TEAM = QGAQ3AY3R3;
				INFOPLIST_FILE = 9th_muyaho_iOSUITests/Info.plist;
				LD_RUNPATH_SEARCH_PATHS = (
					"$(inherited)",
					"@executable_path/Frameworks",
					"@loader_path/Frameworks",
				);
				PRODUCT_BUNDLE_IDENTIFIER = "com.depromeet.muyaho.-th-muyaho-iOSUITests";
				PRODUCT_NAME = "$(TARGET_NAME)";
				SWIFT_VERSION = 5.0;
				TARGETED_DEVICE_FAMILY = "1,2";
				TEST_TARGET_NAME = 9th_muyaho_iOS;
			};
			name = Release;
		};
/* End XCBuildConfiguration section */

/* Begin XCConfigurationList section */
		A5754B422625B6C200B6E8A1 /* Build configuration list for PBXProject "9th_muyaho_iOS" */ = {
			isa = XCConfigurationList;
			buildConfigurations = (
				A5754B6F2625B6C500B6E8A1 /* Debug */,
				A5754B702625B6C500B6E8A1 /* Release */,
			);
			defaultConfigurationIsVisible = 0;
			defaultConfigurationName = Release;
		};
		A5754B712625B6C500B6E8A1 /* Build configuration list for PBXNativeTarget "9th_muyaho_iOS" */ = {
			isa = XCConfigurationList;
			buildConfigurations = (
				A5754B722625B6C500B6E8A1 /* Debug */,
				A5754B732625B6C500B6E8A1 /* Release */,
			);
			defaultConfigurationIsVisible = 0;
			defaultConfigurationName = Release;
		};
		A5754B742625B6C500B6E8A1 /* Build configuration list for PBXNativeTarget "9th_muyaho_iOSTests" */ = {
			isa = XCConfigurationList;
			buildConfigurations = (
				A5754B752625B6C500B6E8A1 /* Debug */,
				A5754B762625B6C500B6E8A1 /* Release */,
			);
			defaultConfigurationIsVisible = 0;
			defaultConfigurationName = Release;
		};
		A5754B772625B6C500B6E8A1 /* Build configuration list for PBXNativeTarget "9th_muyaho_iOSUITests" */ = {
			isa = XCConfigurationList;
			buildConfigurations = (
				A5754B782625B6C500B6E8A1 /* Debug */,
				A5754B792625B6C500B6E8A1 /* Release */,
			);
			defaultConfigurationIsVisible = 0;
			defaultConfigurationName = Release;
		};
/* End XCConfigurationList section */
	};
	rootObject = A5754B3F2625B6C200B6E8A1 /* Project object */;
}
